// !$*UTF8*$!
{
	archiveVersion = 1;
	classes = {
	};
	objectVersion = 56;
	objects = {

/* Begin PBXBuildFile section */
		F30BC48A29A2C79000406D00 /* SelectStopView.swift in Sources */ = {isa = PBXBuildFile; fileRef = F30BC48929A2C79000406D00 /* SelectStopView.swift */; };
		F311176C299A406100351326 /* DataBase.swift in Sources */ = {isa = PBXBuildFile; fileRef = F311176B299A406100351326 /* DataBase.swift */; };
		F32F01FD29F55F7300F2B1A3 /* CheckConnection.swift in Sources */ = {isa = PBXBuildFile; fileRef = F32F01FC29F55F7300F2B1A3 /* CheckConnection.swift */; };
		F335263929E029EA001A1017 /* route.json in Resources */ = {isa = PBXBuildFile; fileRef = F335262D29E029EA001A1017 /* route.json */; };
		F335263A29E029EA001A1017 /* city_route.json in Resources */ = {isa = PBXBuildFile; fileRef = F335262E29E029EA001A1017 /* city_route.json */; };
		F335263B29E029EA001A1017 /* carrier.json in Resources */ = {isa = PBXBuildFile; fileRef = F335262F29E029EA001A1017 /* carrier.json */; };
		F335263C29E029EA001A1017 /* stage.json in Resources */ = {isa = PBXBuildFile; fileRef = F335263029E029EA001A1017 /* stage.json */; };
		F335263D29E029EA001A1017 /* carrier_branch.json in Resources */ = {isa = PBXBuildFile; fileRef = F335263129E029EA001A1017 /* carrier_branch.json */; };
		F335263E29E029EA001A1017 /* stop_alt.json in Resources */ = {isa = PBXBuildFile; fileRef = F335263229E029EA001A1017 /* stop_alt.json */; };
		F335263F29E029EA001A1017 /* city.json in Resources */ = {isa = PBXBuildFile; fileRef = F335263329E029EA001A1017 /* city.json */; };
		F335264029E029EA001A1017 /* stop_nearest.json in Resources */ = {isa = PBXBuildFile; fileRef = F335263429E029EA001A1017 /* stop_nearest.json */; };
		F335264129E029EA001A1017 /* ts_model.json in Resources */ = {isa = PBXBuildFile; fileRef = F335263529E029EA001A1017 /* ts_model.json */; };
		F335264229E029EA001A1017 /* stop.json in Resources */ = {isa = PBXBuildFile; fileRef = F335263629E029EA001A1017 /* stop.json */; };
		F335264329E029EA001A1017 /* ts.json in Resources */ = {isa = PBXBuildFile; fileRef = F335263729E029EA001A1017 /* ts.json */; };
		F335264429E029EA001A1017 /* subroute.json in Resources */ = {isa = PBXBuildFile; fileRef = F335263829E029EA001A1017 /* subroute.json */; };
		F33E21DF2A2216B000465C2E /* ChooseTimeAlert.swift in Sources */ = {isa = PBXBuildFile; fileRef = F33E21DE2A2216B000465C2E /* ChooseTimeAlert.swift */; };
		F3432A5C2A265AB9007AD619 /* ServiceStation.swift in Sources */ = {isa = PBXBuildFile; fileRef = F3432A5B2A265AB9007AD619 /* ServiceStation.swift */; };
		F3451FB229ADC581008ECCF2 /* NotificationsView.swift in Sources */ = {isa = PBXBuildFile; fileRef = F3451FB129ADC581008ECCF2 /* NotificationsView.swift */; };
		F3451FB929ADD427008ECCF2 /* MessageView.swift in Sources */ = {isa = PBXBuildFile; fileRef = F3451FB829ADD427008ECCF2 /* MessageView.swift */; };
		F3451FBD29ADD4CD008ECCF2 /* ChatModel.swift in Sources */ = {isa = PBXBuildFile; fileRef = F3451FBC29ADD4CD008ECCF2 /* ChatModel.swift */; };
		F3451FBF29ADD53C008ECCF2 /* ChatView.swift in Sources */ = {isa = PBXBuildFile; fileRef = F3451FBE29ADD53C008ECCF2 /* ChatView.swift */; };
		F3451FC329ADDF5B008ECCF2 /* MapView.swift in Sources */ = {isa = PBXBuildFile; fileRef = F3451FC229ADDF5B008ECCF2 /* MapView.swift */; };
		F348F27129A0E34B00AFFAA1 /* CustomMenu.swift in Sources */ = {isa = PBXBuildFile; fileRef = F348F27029A0E34B00AFFAA1 /* CustomMenu.swift */; };
		F348F27429A1044000AFFAA1 /* HashableClass.swift in Sources */ = {isa = PBXBuildFile; fileRef = F348F27329A1044000AFFAA1 /* HashableClass.swift */; };
		F362C8D229AA1EA60019B28C /* FavoriteTransportOnline.swift in Sources */ = {isa = PBXBuildFile; fileRef = F362C8D129AA1EA60019B28C /* FavoriteTransportOnline.swift */; };
		F362C8D429AA32260019B28C /* FavoriteStopOnline.swift in Sources */ = {isa = PBXBuildFile; fileRef = F362C8D329AA32260019B28C /* FavoriteStopOnline.swift */; };
		F362C8DA29AA45820019B28C /* CustomScrollReader.swift in Sources */ = {isa = PBXBuildFile; fileRef = F362C8D929AA45820019B28C /* CustomScrollReader.swift */; };
		F3795AA129A3E0A000FF05FD /* FeedBackView.swift in Sources */ = {isa = PBXBuildFile; fileRef = F3795AA029A3E0A000FF05FD /* FeedBackView.swift */; };
		F3795AA329A3F9EC00FF05FD /* QuestionsView.swift in Sources */ = {isa = PBXBuildFile; fileRef = F3795AA229A3F9EC00FF05FD /* QuestionsView.swift */; };
		F3795AA529A4001F00FF05FD /* AnswersView.swift in Sources */ = {isa = PBXBuildFile; fileRef = F3795AA429A4001F00FF05FD /* AnswersView.swift */; };
		F37E4AAA2995530D00049934 /* ShowTransportOnline.swift in Sources */ = {isa = PBXBuildFile; fileRef = F37E4AA92995530D00049934 /* ShowTransportOnline.swift */; };
		F3993E6029A6B4540087C1B7 /* FavoritesView.swift in Sources */ = {isa = PBXBuildFile; fileRef = F3993E5F29A6B4540087C1B7 /* FavoritesView.swift */; };
		F39F13402993CEF4001E750B /* CustomTabBarContainerView.swift in Sources */ = {isa = PBXBuildFile; fileRef = F39F133F2993CEF4001E750B /* CustomTabBarContainerView.swift */; };
		F39F13422993D69A001E750B /* AppTabBarView.swift in Sources */ = {isa = PBXBuildFile; fileRef = F39F13412993D699001E750B /* AppTabBarView.swift */; };
		F39F13442993D73A001E750B /* TabBarTabsPreferenceKey.swift in Sources */ = {isa = PBXBuildFile; fileRef = F39F13432993D73A001E750B /* TabBarTabsPreferenceKey.swift */; };
		F3B26FEF29ED87CF00F981F8 /* ChooseIconView.swift in Sources */ = {isa = PBXBuildFile; fileRef = F3B26FEE29ED87CF00F981F8 /* ChooseIconView.swift */; };
		F3BD09CB29F6665E002669BA /* CustomAlert.swift in Sources */ = {isa = PBXBuildFile; fileRef = F3BD09CA29F6665E002669BA /* CustomAlert.swift */; };
		F3BD09CD29F66687002669BA /* CustomAlertButton.swift in Sources */ = {isa = PBXBuildFile; fileRef = F3BD09CC29F66687002669BA /* CustomAlertButton.swift */; };
		F3BD09CF29F81966002669BA /* CustomAlertModifier.swift in Sources */ = {isa = PBXBuildFile; fileRef = F3BD09CE29F81966002669BA /* CustomAlertModifier.swift */; };
		F3BD09D129F81994002669BA /* ViewExtension.swift in Sources */ = {isa = PBXBuildFile; fileRef = F3BD09D029F81994002669BA /* ViewExtension.swift */; };
		F3CCAA6E299643B100DEAF76 /* ServiceAPI.swift in Sources */ = {isa = PBXBuildFile; fileRef = F3CCAA6D299643B100DEAF76 /* ServiceAPI.swift */; };
		F3D7DFF129942C2B0059B4C4 /* ReadyElements.swift in Sources */ = {isa = PBXBuildFile; fileRef = F3D7DFF029942C2B0059B4C4 /* ReadyElements.swift */; };
		F3D7DFF32994324E0059B4C4 /* SelectTransportType.swift in Sources */ = {isa = PBXBuildFile; fileRef = F3D7DFF22994324E0059B4C4 /* SelectTransportType.swift */; };
		F3D7DFF629943AB50059B4C4 /* SelectRouteOrStationView.swift in Sources */ = {isa = PBXBuildFile; fileRef = F3D7DFF529943AB50059B4C4 /* SelectRouteOrStationView.swift */; };
		F3DB410629A35B2D005497F7 /* SettingsView.swift in Sources */ = {isa = PBXBuildFile; fileRef = F3DB410529A35B2D005497F7 /* SettingsView.swift */; };
		F3DB410829A36ED2005497F7 /* SettingsGroupSelector.swift in Sources */ = {isa = PBXBuildFile; fileRef = F3DB410729A36ED2005497F7 /* SettingsGroupSelector.swift */; };
		F3DB410A29A3710F005497F7 /* AboutAppView.swift in Sources */ = {isa = PBXBuildFile; fileRef = F3DB410929A3710F005497F7 /* AboutAppView.swift */; };
		F3E581FF29FB0B490062DD66 /* ShowStopOnline.swift in Sources */ = {isa = PBXBuildFile; fileRef = F3E581FE29FB0B490062DD66 /* ShowStopOnline.swift */; };
		F3EAE5832A043DCB009391FA /* SocketIO in Frameworks */ = {isa = PBXBuildFile; productRef = F3EAE5822A043DCB009391FA /* SocketIO */; };
		F3EAE5862A043DE2009391FA /* MessagePacker in Frameworks */ = {isa = PBXBuildFile; productRef = F3EAE5852A043DE2009391FA /* MessagePacker */; };
		F3F607ED292E242E0009E684 /* IgisAppApp.swift in Sources */ = {isa = PBXBuildFile; fileRef = F3F607EC292E242E0009E684 /* IgisAppApp.swift */; };
		F3F607F1292E242F0009E684 /* Assets.xcassets in Resources */ = {isa = PBXBuildFile; fileRef = F3F607F0292E242F0009E684 /* Assets.xcassets */; };
		F3F607F4292E242F0009E684 /* Preview Assets.xcassets in Resources */ = {isa = PBXBuildFile; fileRef = F3F607F3292E242F0009E684 /* Preview Assets.xcassets */; };
		F3F60801292E264D0009E684 /* CustomTabBar.swift in Sources */ = {isa = PBXBuildFile; fileRef = F3F60800292E264D0009E684 /* CustomTabBar.swift */; };
		F3F60803292E26810009E684 /* TransportGroupSelector.swift in Sources */ = {isa = PBXBuildFile; fileRef = F3F60802292E26810009E684 /* TransportGroupSelector.swift */; };
		F3F608052930D2960009E684 /* SelectTransportNumber.swift in Sources */ = {isa = PBXBuildFile; fileRef = F3F608042930D2960009E684 /* SelectTransportNumber.swift */; };
		F3F608072930D3B90009E684 /* Model.swift in Sources */ = {isa = PBXBuildFile; fileRef = F3F608062930D3B90009E684 /* Model.swift */; };
		F3F6ADB129D383F700D74D32 /* Vibration.swift in Sources */ = {isa = PBXBuildFile; fileRef = F3F6ADB029D383F700D74D32 /* Vibration.swift */; };
		F3F9A3CF29A95E9000EFBE33 /* FavoritesGroupSelector.swift in Sources */ = {isa = PBXBuildFile; fileRef = F3F9A3CE29A95E9000EFBE33 /* FavoritesGroupSelector.swift */; };
/* End PBXBuildFile section */

/* Begin PBXFileReference section */
		F30BC48929A2C79000406D00 /* SelectStopView.swift */ = {isa = PBXFileReference; lastKnownFileType = sourcecode.swift; path = SelectStopView.swift; sourceTree = "<group>"; };
		F311176B299A406100351326 /* DataBase.swift */ = {isa = PBXFileReference; lastKnownFileType = sourcecode.swift; path = DataBase.swift; sourceTree = "<group>"; };
		F32F01FC29F55F7300F2B1A3 /* CheckConnection.swift */ = {isa = PBXFileReference; lastKnownFileType = sourcecode.swift; path = CheckConnection.swift; sourceTree = "<group>"; };
		F335262D29E029EA001A1017 /* route.json */ = {isa = PBXFileReference; fileEncoding = 4; lastKnownFileType = text.json; path = route.json; sourceTree = "<group>"; };
		F335262E29E029EA001A1017 /* city_route.json */ = {isa = PBXFileReference; fileEncoding = 4; lastKnownFileType = text.json; path = city_route.json; sourceTree = "<group>"; };
		F335262F29E029EA001A1017 /* carrier.json */ = {isa = PBXFileReference; fileEncoding = 4; lastKnownFileType = text.json; path = carrier.json; sourceTree = "<group>"; };
		F335263029E029EA001A1017 /* stage.json */ = {isa = PBXFileReference; fileEncoding = 4; lastKnownFileType = text.json; path = stage.json; sourceTree = "<group>"; };
		F335263129E029EA001A1017 /* carrier_branch.json */ = {isa = PBXFileReference; fileEncoding = 4; lastKnownFileType = text.json; path = carrier_branch.json; sourceTree = "<group>"; };
		F335263229E029EA001A1017 /* stop_alt.json */ = {isa = PBXFileReference; fileEncoding = 4; lastKnownFileType = text.json; path = stop_alt.json; sourceTree = "<group>"; };
		F335263329E029EA001A1017 /* city.json */ = {isa = PBXFileReference; fileEncoding = 4; lastKnownFileType = text.json; path = city.json; sourceTree = "<group>"; };
		F335263429E029EA001A1017 /* stop_nearest.json */ = {isa = PBXFileReference; fileEncoding = 4; lastKnownFileType = text.json; path = stop_nearest.json; sourceTree = "<group>"; };
		F335263529E029EA001A1017 /* ts_model.json */ = {isa = PBXFileReference; fileEncoding = 4; lastKnownFileType = text.json; path = ts_model.json; sourceTree = "<group>"; };
		F335263629E029EA001A1017 /* stop.json */ = {isa = PBXFileReference; fileEncoding = 4; lastKnownFileType = text.json; path = stop.json; sourceTree = "<group>"; };
		F335263729E029EA001A1017 /* ts.json */ = {isa = PBXFileReference; fileEncoding = 4; lastKnownFileType = text.json; path = ts.json; sourceTree = "<group>"; };
		F335263829E029EA001A1017 /* subroute.json */ = {isa = PBXFileReference; fileEncoding = 4; lastKnownFileType = text.json; path = subroute.json; sourceTree = "<group>"; };
		F33E21DE2A2216B000465C2E /* ChooseTimeAlert.swift */ = {isa = PBXFileReference; lastKnownFileType = sourcecode.swift; path = ChooseTimeAlert.swift; sourceTree = "<group>"; };
		F3432A5B2A265AB9007AD619 /* ServiceStation.swift */ = {isa = PBXFileReference; lastKnownFileType = sourcecode.swift; path = ServiceStation.swift; sourceTree = "<group>"; };
		F3451FB129ADC581008ECCF2 /* NotificationsView.swift */ = {isa = PBXFileReference; lastKnownFileType = sourcecode.swift; path = NotificationsView.swift; sourceTree = "<group>"; };
		F3451FB829ADD427008ECCF2 /* MessageView.swift */ = {isa = PBXFileReference; lastKnownFileType = sourcecode.swift; path = MessageView.swift; sourceTree = "<group>"; };
		F3451FBC29ADD4CD008ECCF2 /* ChatModel.swift */ = {isa = PBXFileReference; lastKnownFileType = sourcecode.swift; path = ChatModel.swift; sourceTree = "<group>"; };
		F3451FBE29ADD53C008ECCF2 /* ChatView.swift */ = {isa = PBXFileReference; lastKnownFileType = sourcecode.swift; path = ChatView.swift; sourceTree = "<group>"; };
		F3451FC229ADDF5B008ECCF2 /* MapView.swift */ = {isa = PBXFileReference; lastKnownFileType = sourcecode.swift; path = MapView.swift; sourceTree = "<group>"; };
		F348F27029A0E34B00AFFAA1 /* CustomMenu.swift */ = {isa = PBXFileReference; lastKnownFileType = sourcecode.swift; path = CustomMenu.swift; sourceTree = "<group>"; };
		F348F27329A1044000AFFAA1 /* HashableClass.swift */ = {isa = PBXFileReference; lastKnownFileType = sourcecode.swift; path = HashableClass.swift; sourceTree = "<group>"; };
		F362C8D129AA1EA60019B28C /* FavoriteTransportOnline.swift */ = {isa = PBXFileReference; lastKnownFileType = sourcecode.swift; path = FavoriteTransportOnline.swift; sourceTree = "<group>"; };
		F362C8D329AA32260019B28C /* FavoriteStopOnline.swift */ = {isa = PBXFileReference; lastKnownFileType = sourcecode.swift; path = FavoriteStopOnline.swift; sourceTree = "<group>"; };
		F362C8D929AA45820019B28C /* CustomScrollReader.swift */ = {isa = PBXFileReference; lastKnownFileType = sourcecode.swift; path = CustomScrollReader.swift; sourceTree = "<group>"; };
		F3795AA029A3E0A000FF05FD /* FeedBackView.swift */ = {isa = PBXFileReference; lastKnownFileType = sourcecode.swift; path = FeedBackView.swift; sourceTree = "<group>"; };
		F3795AA229A3F9EC00FF05FD /* QuestionsView.swift */ = {isa = PBXFileReference; lastKnownFileType = sourcecode.swift; path = QuestionsView.swift; sourceTree = "<group>"; };
		F3795AA429A4001F00FF05FD /* AnswersView.swift */ = {isa = PBXFileReference; lastKnownFileType = sourcecode.swift; path = AnswersView.swift; sourceTree = "<group>"; };
		F37E4AA92995530D00049934 /* ShowTransportOnline.swift */ = {isa = PBXFileReference; lastKnownFileType = sourcecode.swift; path = ShowTransportOnline.swift; sourceTree = "<group>"; };
		F3993E5F29A6B4540087C1B7 /* FavoritesView.swift */ = {isa = PBXFileReference; lastKnownFileType = sourcecode.swift; path = FavoritesView.swift; sourceTree = "<group>"; };
		F39F133F2993CEF4001E750B /* CustomTabBarContainerView.swift */ = {isa = PBXFileReference; lastKnownFileType = sourcecode.swift; path = CustomTabBarContainerView.swift; sourceTree = "<group>"; };
		F39F13412993D699001E750B /* AppTabBarView.swift */ = {isa = PBXFileReference; lastKnownFileType = sourcecode.swift; path = AppTabBarView.swift; sourceTree = "<group>"; };
		F39F13432993D73A001E750B /* TabBarTabsPreferenceKey.swift */ = {isa = PBXFileReference; lastKnownFileType = sourcecode.swift; path = TabBarTabsPreferenceKey.swift; sourceTree = "<group>"; };
		F3B26FEE29ED87CF00F981F8 /* ChooseIconView.swift */ = {isa = PBXFileReference; lastKnownFileType = sourcecode.swift; path = ChooseIconView.swift; sourceTree = "<group>"; };
		F3B26FF929ED95CC00F981F8 /* Info.plist */ = {isa = PBXFileReference; lastKnownFileType = text.plist; path = Info.plist; sourceTree = "<group>"; };
		F3BD09CA29F6665E002669BA /* CustomAlert.swift */ = {isa = PBXFileReference; lastKnownFileType = sourcecode.swift; path = CustomAlert.swift; sourceTree = "<group>"; };
		F3BD09CC29F66687002669BA /* CustomAlertButton.swift */ = {isa = PBXFileReference; lastKnownFileType = sourcecode.swift; path = CustomAlertButton.swift; sourceTree = "<group>"; };
		F3BD09CE29F81966002669BA /* CustomAlertModifier.swift */ = {isa = PBXFileReference; lastKnownFileType = sourcecode.swift; path = CustomAlertModifier.swift; sourceTree = "<group>"; };
		F3BD09D029F81994002669BA /* ViewExtension.swift */ = {isa = PBXFileReference; lastKnownFileType = sourcecode.swift; path = ViewExtension.swift; sourceTree = "<group>"; };
		F3CCAA6D299643B100DEAF76 /* ServiceAPI.swift */ = {isa = PBXFileReference; lastKnownFileType = sourcecode.swift; path = ServiceAPI.swift; sourceTree = "<group>"; };
		F3D7DFF029942C2B0059B4C4 /* ReadyElements.swift */ = {isa = PBXFileReference; lastKnownFileType = sourcecode.swift; path = ReadyElements.swift; sourceTree = "<group>"; };
		F3D7DFF22994324E0059B4C4 /* SelectTransportType.swift */ = {isa = PBXFileReference; lastKnownFileType = sourcecode.swift; path = SelectTransportType.swift; sourceTree = "<group>"; };
		F3D7DFF529943AB50059B4C4 /* SelectRouteOrStationView.swift */ = {isa = PBXFileReference; lastKnownFileType = sourcecode.swift; path = SelectRouteOrStationView.swift; sourceTree = "<group>"; };
		F3DB410529A35B2D005497F7 /* SettingsView.swift */ = {isa = PBXFileReference; lastKnownFileType = sourcecode.swift; path = SettingsView.swift; sourceTree = "<group>"; };
		F3DB410729A36ED2005497F7 /* SettingsGroupSelector.swift */ = {isa = PBXFileReference; lastKnownFileType = sourcecode.swift; path = SettingsGroupSelector.swift; sourceTree = "<group>"; };
		F3DB410929A3710F005497F7 /* AboutAppView.swift */ = {isa = PBXFileReference; lastKnownFileType = sourcecode.swift; path = AboutAppView.swift; sourceTree = "<group>"; };
		F3E581FE29FB0B490062DD66 /* ShowStopOnline.swift */ = {isa = PBXFileReference; lastKnownFileType = sourcecode.swift; path = ShowStopOnline.swift; sourceTree = "<group>"; };
		F3F607E9292E242E0009E684 /* IgisApp.app */ = {isa = PBXFileReference; explicitFileType = wrapper.application; includeInIndex = 0; path = IgisApp.app; sourceTree = BUILT_PRODUCTS_DIR; };
		F3F607EC292E242E0009E684 /* IgisAppApp.swift */ = {isa = PBXFileReference; lastKnownFileType = sourcecode.swift; path = IgisAppApp.swift; sourceTree = "<group>"; };
		F3F607F0292E242F0009E684 /* Assets.xcassets */ = {isa = PBXFileReference; lastKnownFileType = folder.assetcatalog; path = Assets.xcassets; sourceTree = "<group>"; };
		F3F607F3292E242F0009E684 /* Preview Assets.xcassets */ = {isa = PBXFileReference; lastKnownFileType = folder.assetcatalog; path = "Preview Assets.xcassets"; sourceTree = "<group>"; };
		F3F60800292E264D0009E684 /* CustomTabBar.swift */ = {isa = PBXFileReference; lastKnownFileType = sourcecode.swift; path = CustomTabBar.swift; sourceTree = "<group>"; };
		F3F60802292E26810009E684 /* TransportGroupSelector.swift */ = {isa = PBXFileReference; lastKnownFileType = sourcecode.swift; path = TransportGroupSelector.swift; sourceTree = "<group>"; };
		F3F608042930D2960009E684 /* SelectTransportNumber.swift */ = {isa = PBXFileReference; lastKnownFileType = sourcecode.swift; path = SelectTransportNumber.swift; sourceTree = "<group>"; };
		F3F608062930D3B90009E684 /* Model.swift */ = {isa = PBXFileReference; lastKnownFileType = sourcecode.swift; path = Model.swift; sourceTree = "<group>"; };
		F3F6ADB029D383F700D74D32 /* Vibration.swift */ = {isa = PBXFileReference; lastKnownFileType = sourcecode.swift; path = Vibration.swift; sourceTree = "<group>"; };
		F3F9A3CE29A95E9000EFBE33 /* FavoritesGroupSelector.swift */ = {isa = PBXFileReference; lastKnownFileType = sourcecode.swift; path = FavoritesGroupSelector.swift; sourceTree = "<group>"; };
/* End PBXFileReference section */

/* Begin PBXFrameworksBuildPhase section */
		F3F607E6292E242E0009E684 /* Frameworks */ = {
			isa = PBXFrameworksBuildPhase;
			buildActionMask = 2147483647;
			files = (
				F3EAE5862A043DE2009391FA /* MessagePacker in Frameworks */,
				F3EAE5832A043DCB009391FA /* SocketIO in Frameworks */,
			);
			runOnlyForDeploymentPostprocessing = 0;
		};
/* End PBXFrameworksBuildPhase section */

/* Begin PBXGroup section */
		F302C2B829D37157009020ED /* ViewGroup */ = {
			isa = PBXGroup;
			children = (
				F3451FC129ADDF2B008ECCF2 /* MapGroup */,
				F3451FB029ADC394008ECCF2 /* NotificationsGroup */,
				F3993E5E29A6B2650087C1B7 /* FavoritesGroup */,
				F3D7DFF4299433400059B4C4 /* ShowTransportGroup */,
				F3DB410429A35B0C005497F7 /* SettingsGroup */,
			);
			path = ViewGroup;
			sourceTree = "<group>";
		};
		F302C2B929D371BD009020ED /* JSON */ = {
			isa = PBXGroup;
			children = (
				F335263129E029EA001A1017 /* carrier_branch.json */,
				F335262F29E029EA001A1017 /* carrier.json */,
				F335262E29E029EA001A1017 /* city_route.json */,
				F335263329E029EA001A1017 /* city.json */,
				F335262D29E029EA001A1017 /* route.json */,
				F335263029E029EA001A1017 /* stage.json */,
				F335263229E029EA001A1017 /* stop_alt.json */,
				F335263429E029EA001A1017 /* stop_nearest.json */,
				F335263629E029EA001A1017 /* stop.json */,
				F335263829E029EA001A1017 /* subroute.json */,
				F335263529E029EA001A1017 /* ts_model.json */,
				F335263729E029EA001A1017 /* ts.json */,
			);
			path = JSON;
			sourceTree = "<group>";
		};
		F33E21DD2A22168300465C2E /* CustomChooseTimeAlert */ = {
			isa = PBXGroup;
			children = (
				F33E21DE2A2216B000465C2E /* ChooseTimeAlert.swift */,
			);
			path = CustomChooseTimeAlert;
			sourceTree = "<group>";
		};
		F3451FB029ADC394008ECCF2 /* NotificationsGroup */ = {
			isa = PBXGroup;
			children = (
				F3451FB529ADD3B8008ECCF2 /* NotificationsExample */,
				F3451FB129ADC581008ECCF2 /* NotificationsView.swift */,
			);
			path = NotificationsGroup;
			sourceTree = "<group>";
		};
		F3451FB529ADD3B8008ECCF2 /* NotificationsExample */ = {
			isa = PBXGroup;
			children = (
				F3451FB829ADD427008ECCF2 /* MessageView.swift */,
				F3451FBC29ADD4CD008ECCF2 /* ChatModel.swift */,
				F3451FBE29ADD53C008ECCF2 /* ChatView.swift */,
			);
			path = NotificationsExample;
			sourceTree = "<group>";
		};
		F3451FC029ADDEDF008ECCF2 /* CustomElements */ = {
			isa = PBXGroup;
			children = (
				F33E21DD2A22168300465C2E /* CustomChooseTimeAlert */,
				F3BD09C929F66623002669BA /* CustomAlert */,
				F348F26F29A0E31500AFFAA1 /* CustomMenu */,
				F362C8D829AA456C0019B28C /* CustomScrollReader */,
				F3F607FF292E261E0009E684 /* CustomTabBar */,
			);
			path = CustomElements;
			sourceTree = "<group>";
		};
		F3451FC129ADDF2B008ECCF2 /* MapGroup */ = {
			isa = PBXGroup;
			children = (
				F3451FC229ADDF5B008ECCF2 /* MapView.swift */,
			);
			path = MapGroup;
			sourceTree = "<group>";
		};
		F348F26F29A0E31500AFFAA1 /* CustomMenu */ = {
			isa = PBXGroup;
			children = (
				F348F27029A0E34B00AFFAA1 /* CustomMenu.swift */,
			);
			path = CustomMenu;
			sourceTree = "<group>";
		};
		F348F27229A1042F00AFFAA1 /* Other */ = {
			isa = PBXGroup;
			children = (
				F3D7DFF029942C2B0059B4C4 /* ReadyElements.swift */,
				F348F27329A1044000AFFAA1 /* HashableClass.swift */,
				F3F6ADB029D383F700D74D32 /* Vibration.swift */,
			);
			path = Other;
			sourceTree = "<group>";
		};
		F362C8D829AA456C0019B28C /* CustomScrollReader */ = {
			isa = PBXGroup;
			children = (
				F362C8D929AA45820019B28C /* CustomScrollReader.swift */,
			);
			path = CustomScrollReader;
			sourceTree = "<group>";
		};
		F3993E5E29A6B2650087C1B7 /* FavoritesGroup */ = {
			isa = PBXGroup;
			children = (
				F3F9A3CE29A95E9000EFBE33 /* FavoritesGroupSelector.swift */,
				F3993E5F29A6B4540087C1B7 /* FavoritesView.swift */,
				F362C8D329AA32260019B28C /* FavoriteStopOnline.swift */,
				F362C8D129AA1EA60019B28C /* FavoriteTransportOnline.swift */,
			);
			path = FavoritesGroup;
			sourceTree = "<group>";
		};
		F3BD09C929F66623002669BA /* CustomAlert */ = {
			isa = PBXGroup;
			children = (
				F3BD09CA29F6665E002669BA /* CustomAlert.swift */,
				F3BD09CE29F81966002669BA /* CustomAlertModifier.swift */,
				F3BD09D029F81994002669BA /* ViewExtension.swift */,
				F3BD09CC29F66687002669BA /* CustomAlertButton.swift */,
			);
			path = CustomAlert;
			sourceTree = "<group>";
		};
		F3D7DFF4299433400059B4C4 /* ShowTransportGroup */ = {
			isa = PBXGroup;
			children = (
				F3F60802292E26810009E684 /* TransportGroupSelector.swift */,
				F30BC48929A2C79000406D00 /* SelectStopView.swift */,
				F3F608042930D2960009E684 /* SelectTransportNumber.swift */,
				F3D7DFF529943AB50059B4C4 /* SelectRouteOrStationView.swift */,
				F3D7DFF22994324E0059B4C4 /* SelectTransportType.swift */,
				F37E4AA92995530D00049934 /* ShowTransportOnline.swift */,
				F3E581FE29FB0B490062DD66 /* ShowStopOnline.swift */,
			);
			path = ShowTransportGroup;
			sourceTree = "<group>";
		};
		F3DB410429A35B0C005497F7 /* SettingsGroup */ = {
			isa = PBXGroup;
			children = (
				F3DB410729A36ED2005497F7 /* SettingsGroupSelector.swift */,
				F3B26FEE29ED87CF00F981F8 /* ChooseIconView.swift */,
				F3DB410529A35B2D005497F7 /* SettingsView.swift */,
				F3DB410929A3710F005497F7 /* AboutAppView.swift */,
				F3795AA029A3E0A000FF05FD /* FeedBackView.swift */,
				F3795AA229A3F9EC00FF05FD /* QuestionsView.swift */,
				F3795AA429A4001F00FF05FD /* AnswersView.swift */,
			);
			path = SettingsGroup;
			sourceTree = "<group>";
		};
		F3F607E0292E242E0009E684 = {
			isa = PBXGroup;
			children = (
				F3F607EB292E242E0009E684 /* IgisApp */,
				F3F607EA292E242E0009E684 /* Products */,
			);
			sourceTree = "<group>";
		};
		F3F607EA292E242E0009E684 /* Products */ = {
			isa = PBXGroup;
			children = (
				F3F607E9292E242E0009E684 /* IgisApp.app */,
			);
			name = Products;
			sourceTree = "<group>";
		};
		F3F607EB292E242E0009E684 /* IgisApp */ = {
			isa = PBXGroup;
			children = (
				F3B26FF929ED95CC00F981F8 /* Info.plist */,
				F302C2B929D371BD009020ED /* JSON */,
				F302C2B829D37157009020ED /* ViewGroup */,
				F3F607EC292E242E0009E684 /* IgisAppApp.swift */,
				F39F13412993D699001E750B /* AppTabBarView.swift */,
				F3F8AC3329A6238900F4B441 /* Service */,
				F348F27229A1042F00AFFAA1 /* Other */,
				F3F607F0292E242F0009E684 /* Assets.xcassets */,
				F3451FC029ADDEDF008ECCF2 /* CustomElements */,
				F3F607F2292E242F0009E684 /* Preview Content */,
			);
			path = IgisApp;
			sourceTree = "<group>";
		};
		F3F607F2292E242F0009E684 /* Preview Content */ = {
			isa = PBXGroup;
			children = (
				F3F607F3292E242F0009E684 /* Preview Assets.xcassets */,
			);
			path = "Preview Content";
			sourceTree = "<group>";
		};
		F3F607FF292E261E0009E684 /* CustomTabBar */ = {
			isa = PBXGroup;
			children = (
				F3F60800292E264D0009E684 /* CustomTabBar.swift */,
				F39F13432993D73A001E750B /* TabBarTabsPreferenceKey.swift */,
				F39F133F2993CEF4001E750B /* CustomTabBarContainerView.swift */,
			);
			path = CustomTabBar;
			sourceTree = "<group>";
		};
		F3F8AC3329A6238900F4B441 /* Service */ = {
			isa = PBXGroup;
			children = (
				F3F608062930D3B90009E684 /* Model.swift */,
				F311176B299A406100351326 /* DataBase.swift */,
				F32F01FC29F55F7300F2B1A3 /* CheckConnection.swift */,
				F3CCAA6D299643B100DEAF76 /* ServiceAPI.swift */,
				F3432A5B2A265AB9007AD619 /* ServiceStation.swift */,
			);
			path = Service;
			sourceTree = "<group>";
		};
/* End PBXGroup section */

/* Begin PBXNativeTarget section */
		F3F607E8292E242E0009E684 /* IgisApp */ = {
			isa = PBXNativeTarget;
			buildConfigurationList = F3F607FC292E242F0009E684 /* Build configuration list for PBXNativeTarget "IgisApp" */;
			buildPhases = (
				F3F607E5292E242E0009E684 /* Sources */,
				F3F607E6292E242E0009E684 /* Frameworks */,
				F3F607E7292E242E0009E684 /* Resources */,
			);
			buildRules = (
			);
			dependencies = (
			);
			name = IgisApp;
			packageProductDependencies = (
				F3EAE5822A043DCB009391FA /* SocketIO */,
				F3EAE5852A043DE2009391FA /* MessagePacker */,
			);
			productName = IgisApp;
			productReference = F3F607E9292E242E0009E684 /* IgisApp.app */;
			productType = "com.apple.product-type.application";
		};
/* End PBXNativeTarget section */

/* Begin PBXProject section */
		F3F607E1292E242E0009E684 /* Project object */ = {
			isa = PBXProject;
			attributes = {
				BuildIndependentTargetsInParallel = 1;
				LastSwiftUpdateCheck = 1410;
				LastUpgradeCheck = 1410;
				TargetAttributes = {
					F3F607E8292E242E0009E684 = {
						CreatedOnToolsVersion = 14.1;
					};
				};
			};
			buildConfigurationList = F3F607E4292E242E0009E684 /* Build configuration list for PBXProject "IgisApp" */;
			compatibilityVersion = "Xcode 14.0";
			developmentRegion = en;
			hasScannedForEncodings = 0;
			knownRegions = (
				en,
				Base,
			);
			mainGroup = F3F607E0292E242E0009E684;
			packageReferences = (
				F3EAE5812A043DCB009391FA /* XCRemoteSwiftPackageReference "socket" */,
				F3EAE5842A043DE2009391FA /* XCRemoteSwiftPackageReference "MessagePacker" */,
			);
			productRefGroup = F3F607EA292E242E0009E684 /* Products */;
			projectDirPath = "";
			projectRoot = "";
			targets = (
				F3F607E8292E242E0009E684 /* IgisApp */,
			);
		};
/* End PBXProject section */

/* Begin PBXResourcesBuildPhase section */
		F3F607E7292E242E0009E684 /* Resources */ = {
			isa = PBXResourcesBuildPhase;
			buildActionMask = 2147483647;
			files = (
				F335263F29E029EA001A1017 /* city.json in Resources */,
				F335263929E029EA001A1017 /* route.json in Resources */,
				F3F607F4292E242F0009E684 /* Preview Assets.xcassets in Resources */,
				F335263B29E029EA001A1017 /* carrier.json in Resources */,
				F335263E29E029EA001A1017 /* stop_alt.json in Resources */,
				F335263D29E029EA001A1017 /* carrier_branch.json in Resources */,
				F335263A29E029EA001A1017 /* city_route.json in Resources */,
				F335264329E029EA001A1017 /* ts.json in Resources */,
				F335264229E029EA001A1017 /* stop.json in Resources */,
				F335264129E029EA001A1017 /* ts_model.json in Resources */,
				F335264429E029EA001A1017 /* subroute.json in Resources */,
				F335263C29E029EA001A1017 /* stage.json in Resources */,
				F335264029E029EA001A1017 /* stop_nearest.json in Resources */,
				F3F607F1292E242F0009E684 /* Assets.xcassets in Resources */,
			);
			runOnlyForDeploymentPostprocessing = 0;
		};
/* End PBXResourcesBuildPhase section */

/* Begin PBXSourcesBuildPhase section */
		F3F607E5292E242E0009E684 /* Sources */ = {
			isa = PBXSourcesBuildPhase;
			buildActionMask = 2147483647;
			files = (
				F362C8DA29AA45820019B28C /* CustomScrollReader.swift in Sources */,
				F362C8D429AA32260019B28C /* FavoriteStopOnline.swift in Sources */,
				F362C8D229AA1EA60019B28C /* FavoriteTransportOnline.swift in Sources */,
				F3BD09CF29F81966002669BA /* CustomAlertModifier.swift in Sources */,
				F3F9A3CF29A95E9000EFBE33 /* FavoritesGroupSelector.swift in Sources */,
				F39F13442993D73A001E750B /* TabBarTabsPreferenceKey.swift in Sources */,
				F3F608072930D3B90009E684 /* Model.swift in Sources */,
				F3BD09CB29F6665E002669BA /* CustomAlert.swift in Sources */,
				F3E581FF29FB0B490062DD66 /* ShowStopOnline.swift in Sources */,
				F32F01FD29F55F7300F2B1A3 /* CheckConnection.swift in Sources */,
				F3F6ADB129D383F700D74D32 /* Vibration.swift in Sources */,
				F3432A5C2A265AB9007AD619 /* ServiceStation.swift in Sources */,
				F3BD09CD29F66687002669BA /* CustomAlertButton.swift in Sources */,
				F39F13422993D69A001E750B /* AppTabBarView.swift in Sources */,
				F3DB410629A35B2D005497F7 /* SettingsView.swift in Sources */,
				F3795AA329A3F9EC00FF05FD /* QuestionsView.swift in Sources */,
				F3BD09D129F81994002669BA /* ViewExtension.swift in Sources */,
				F3B26FEF29ED87CF00F981F8 /* ChooseIconView.swift in Sources */,
				F348F27129A0E34B00AFFAA1 /* CustomMenu.swift in Sources */,
				F3795AA129A3E0A000FF05FD /* FeedBackView.swift in Sources */,
				F3DB410829A36ED2005497F7 /* SettingsGroupSelector.swift in Sources */,
				F3451FB929ADD427008ECCF2 /* MessageView.swift in Sources */,
				F3D7DFF129942C2B0059B4C4 /* ReadyElements.swift in Sources */,
				F3D7DFF629943AB50059B4C4 /* SelectRouteOrStationView.swift in Sources */,
				F3F60801292E264D0009E684 /* CustomTabBar.swift in Sources */,
				F37E4AAA2995530D00049934 /* ShowTransportOnline.swift in Sources */,
				F39F13402993CEF4001E750B /* CustomTabBarContainerView.swift in Sources */,
				F33E21DF2A2216B000465C2E /* ChooseTimeAlert.swift in Sources */,
				F3451FB229ADC581008ECCF2 /* NotificationsView.swift in Sources */,
				F3F608052930D2960009E684 /* SelectTransportNumber.swift in Sources */,
				F311176C299A406100351326 /* DataBase.swift in Sources */,
				F30BC48A29A2C79000406D00 /* SelectStopView.swift in Sources */,
				F3451FC329ADDF5B008ECCF2 /* MapView.swift in Sources */,
				F3451FBD29ADD4CD008ECCF2 /* ChatModel.swift in Sources */,
				F3795AA529A4001F00FF05FD /* AnswersView.swift in Sources */,
				F3CCAA6E299643B100DEAF76 /* ServiceAPI.swift in Sources */,
				F348F27429A1044000AFFAA1 /* HashableClass.swift in Sources */,
				F3DB410A29A3710F005497F7 /* AboutAppView.swift in Sources */,
				F3993E6029A6B4540087C1B7 /* FavoritesView.swift in Sources */,
				F3F60803292E26810009E684 /* TransportGroupSelector.swift in Sources */,
				F3451FBF29ADD53C008ECCF2 /* ChatView.swift in Sources */,
				F3F607ED292E242E0009E684 /* IgisAppApp.swift in Sources */,
				F3D7DFF32994324E0059B4C4 /* SelectTransportType.swift in Sources */,
			);
			runOnlyForDeploymentPostprocessing = 0;
		};
/* End PBXSourcesBuildPhase section */

/* Begin XCBuildConfiguration section */
		F3F607FA292E242F0009E684 /* Debug */ = {
			isa = XCBuildConfiguration;
			buildSettings = {
				ALWAYS_SEARCH_USER_PATHS = NO;
				CLANG_ANALYZER_NONNULL = YES;
				CLANG_ANALYZER_NUMBER_OBJECT_CONVERSION = YES_AGGRESSIVE;
				CLANG_CXX_LANGUAGE_STANDARD = "gnu++20";
				CLANG_ENABLE_MODULES = YES;
				CLANG_ENABLE_OBJC_ARC = YES;
				CLANG_ENABLE_OBJC_WEAK = YES;
				CLANG_WARN_BLOCK_CAPTURE_AUTORELEASING = YES;
				CLANG_WARN_BOOL_CONVERSION = YES;
				CLANG_WARN_COMMA = YES;
				CLANG_WARN_CONSTANT_CONVERSION = YES;
				CLANG_WARN_DEPRECATED_OBJC_IMPLEMENTATIONS = YES;
				CLANG_WARN_DIRECT_OBJC_ISA_USAGE = YES_ERROR;
				CLANG_WARN_DOCUMENTATION_COMMENTS = YES;
				CLANG_WARN_EMPTY_BODY = YES;
				CLANG_WARN_ENUM_CONVERSION = YES;
				CLANG_WARN_INFINITE_RECURSION = YES;
				CLANG_WARN_INT_CONVERSION = YES;
				CLANG_WARN_NON_LITERAL_NULL_CONVERSION = YES;
				CLANG_WARN_OBJC_IMPLICIT_RETAIN_SELF = YES;
				CLANG_WARN_OBJC_LITERAL_CONVERSION = YES;
				CLANG_WARN_OBJC_ROOT_CLASS = YES_ERROR;
				CLANG_WARN_QUOTED_INCLUDE_IN_FRAMEWORK_HEADER = YES;
				CLANG_WARN_RANGE_LOOP_ANALYSIS = YES;
				CLANG_WARN_STRICT_PROTOTYPES = YES;
				CLANG_WARN_SUSPICIOUS_MOVE = YES;
				CLANG_WARN_UNGUARDED_AVAILABILITY = YES_AGGRESSIVE;
				CLANG_WARN_UNREACHABLE_CODE = YES;
				CLANG_WARN__DUPLICATE_METHOD_MATCH = YES;
				COPY_PHASE_STRIP = NO;
				DEBUG_INFORMATION_FORMAT = dwarf;
				ENABLE_STRICT_OBJC_MSGSEND = YES;
				ENABLE_TESTABILITY = YES;
				GCC_C_LANGUAGE_STANDARD = gnu11;
				GCC_DYNAMIC_NO_PIC = NO;
				GCC_NO_COMMON_BLOCKS = YES;
				GCC_OPTIMIZATION_LEVEL = 0;
				GCC_PREPROCESSOR_DEFINITIONS = (
					"DEBUG=1",
					"$(inherited)",
				);
				GCC_WARN_64_TO_32_BIT_CONVERSION = YES;
				GCC_WARN_ABOUT_RETURN_TYPE = YES_ERROR;
				GCC_WARN_UNDECLARED_SELECTOR = YES;
				GCC_WARN_UNINITIALIZED_AUTOS = YES_AGGRESSIVE;
				GCC_WARN_UNUSED_FUNCTION = YES;
				GCC_WARN_UNUSED_VARIABLE = YES;
				IPHONEOS_DEPLOYMENT_TARGET = 16.1;
				MTL_ENABLE_DEBUG_INFO = INCLUDE_SOURCE;
				MTL_FAST_MATH = YES;
				ONLY_ACTIVE_ARCH = YES;
				SDKROOT = iphoneos;
				SWIFT_ACTIVE_COMPILATION_CONDITIONS = DEBUG;
				SWIFT_OPTIMIZATION_LEVEL = "-Onone";
			};
			name = Debug;
		};
		F3F607FB292E242F0009E684 /* Release */ = {
			isa = XCBuildConfiguration;
			buildSettings = {
				ALWAYS_SEARCH_USER_PATHS = NO;
				CLANG_ANALYZER_NONNULL = YES;
				CLANG_ANALYZER_NUMBER_OBJECT_CONVERSION = YES_AGGRESSIVE;
				CLANG_CXX_LANGUAGE_STANDARD = "gnu++20";
				CLANG_ENABLE_MODULES = YES;
				CLANG_ENABLE_OBJC_ARC = YES;
				CLANG_ENABLE_OBJC_WEAK = YES;
				CLANG_WARN_BLOCK_CAPTURE_AUTORELEASING = YES;
				CLANG_WARN_BOOL_CONVERSION = YES;
				CLANG_WARN_COMMA = YES;
				CLANG_WARN_CONSTANT_CONVERSION = YES;
				CLANG_WARN_DEPRECATED_OBJC_IMPLEMENTATIONS = YES;
				CLANG_WARN_DIRECT_OBJC_ISA_USAGE = YES_ERROR;
				CLANG_WARN_DOCUMENTATION_COMMENTS = YES;
				CLANG_WARN_EMPTY_BODY = YES;
				CLANG_WARN_ENUM_CONVERSION = YES;
				CLANG_WARN_INFINITE_RECURSION = YES;
				CLANG_WARN_INT_CONVERSION = YES;
				CLANG_WARN_NON_LITERAL_NULL_CONVERSION = YES;
				CLANG_WARN_OBJC_IMPLICIT_RETAIN_SELF = YES;
				CLANG_WARN_OBJC_LITERAL_CONVERSION = YES;
				CLANG_WARN_OBJC_ROOT_CLASS = YES_ERROR;
				CLANG_WARN_QUOTED_INCLUDE_IN_FRAMEWORK_HEADER = YES;
				CLANG_WARN_RANGE_LOOP_ANALYSIS = YES;
				CLANG_WARN_STRICT_PROTOTYPES = YES;
				CLANG_WARN_SUSPICIOUS_MOVE = YES;
				CLANG_WARN_UNGUARDED_AVAILABILITY = YES_AGGRESSIVE;
				CLANG_WARN_UNREACHABLE_CODE = YES;
				CLANG_WARN__DUPLICATE_METHOD_MATCH = YES;
				COPY_PHASE_STRIP = NO;
				DEBUG_INFORMATION_FORMAT = "dwarf-with-dsym";
				ENABLE_NS_ASSERTIONS = NO;
				ENABLE_STRICT_OBJC_MSGSEND = YES;
				GCC_C_LANGUAGE_STANDARD = gnu11;
				GCC_NO_COMMON_BLOCKS = YES;
				GCC_WARN_64_TO_32_BIT_CONVERSION = YES;
				GCC_WARN_ABOUT_RETURN_TYPE = YES_ERROR;
				GCC_WARN_UNDECLARED_SELECTOR = YES;
				GCC_WARN_UNINITIALIZED_AUTOS = YES_AGGRESSIVE;
				GCC_WARN_UNUSED_FUNCTION = YES;
				GCC_WARN_UNUSED_VARIABLE = YES;
				IPHONEOS_DEPLOYMENT_TARGET = 16.1;
				MTL_ENABLE_DEBUG_INFO = NO;
				MTL_FAST_MATH = YES;
				SDKROOT = iphoneos;
				SWIFT_COMPILATION_MODE = wholemodule;
				SWIFT_OPTIMIZATION_LEVEL = "-O";
				VALIDATE_PRODUCT = YES;
			};
			name = Release;
		};
		F3F607FD292E242F0009E684 /* Debug */ = {
			isa = XCBuildConfiguration;
			buildSettings = {
				ASSETCATALOG_COMPILER_APPICON_NAME = AppIcon;
				ASSETCATALOG_COMPILER_GLOBAL_ACCENT_COLOR_NAME = AccentColor;
				ASSETCATALOG_COMPILER_INCLUDE_ALL_APPICON_ASSETS = YES;
				CODE_SIGN_STYLE = Automatic;
				CURRENT_PROJECT_VERSION = 1;
				DEVELOPMENT_ASSET_PATHS = "\"IgisApp/Preview Content\"";
				DEVELOPMENT_TEAM = 7PS9R8UBLM;
				ENABLE_PREVIEWS = YES;
				GENERATE_INFOPLIST_FILE = YES;
				INFOPLIST_FILE = IgisApp/Info.plist;
				INFOPLIST_KEY_CFBundleDisplayName = "IGIS: Транспорт Ижевска";
				INFOPLIST_KEY_LSApplicationCategoryType = "public.app-category.navigation";
				INFOPLIST_KEY_UIApplicationSceneManifest_Generation = YES;
				INFOPLIST_KEY_UIApplicationSupportsIndirectInputEvents = YES;
				INFOPLIST_KEY_UILaunchScreen_Generation = YES;
				INFOPLIST_KEY_UILaunchStoryboardName = "";
				INFOPLIST_KEY_UISupportedInterfaceOrientations = UIInterfaceOrientationPortrait;
				IPHONEOS_DEPLOYMENT_TARGET = 16.0;
				LD_RUNPATH_SEARCH_PATHS = (
					"$(inherited)",
					"@executable_path/Frameworks",
				);
				MARKETING_VERSION = 1.0;
				PRODUCT_BUNDLE_IDENTIFIER = com.EducationProjects.IgisApp;
				PRODUCT_NAME = "$(TARGET_NAME)";
				SWIFT_EMIT_LOC_STRINGS = YES;
				SWIFT_VERSION = 5.0;
				TARGETED_DEVICE_FAMILY = "1,2";
			};
			name = Debug;
		};
		F3F607FE292E242F0009E684 /* Release */ = {
			isa = XCBuildConfiguration;
			buildSettings = {
				ASSETCATALOG_COMPILER_APPICON_NAME = AppIcon;
				ASSETCATALOG_COMPILER_GLOBAL_ACCENT_COLOR_NAME = AccentColor;
				ASSETCATALOG_COMPILER_INCLUDE_ALL_APPICON_ASSETS = YES;
				CODE_SIGN_STYLE = Automatic;
				CURRENT_PROJECT_VERSION = 1;
				DEVELOPMENT_ASSET_PATHS = "\"IgisApp/Preview Content\"";
				DEVELOPMENT_TEAM = 7PS9R8UBLM;
				ENABLE_PREVIEWS = YES;
				GENERATE_INFOPLIST_FILE = YES;
				INFOPLIST_FILE = IgisApp/Info.plist;
				INFOPLIST_KEY_CFBundleDisplayName = "IGIS: Транспорт Ижевска";
				INFOPLIST_KEY_LSApplicationCategoryType = "public.app-category.navigation";
				INFOPLIST_KEY_UIApplicationSceneManifest_Generation = YES;
				INFOPLIST_KEY_UIApplicationSupportsIndirectInputEvents = YES;
				INFOPLIST_KEY_UILaunchScreen_Generation = YES;
				INFOPLIST_KEY_UILaunchStoryboardName = "";
				INFOPLIST_KEY_UISupportedInterfaceOrientations = UIInterfaceOrientationPortrait;
				IPHONEOS_DEPLOYMENT_TARGET = 16.0;
				LD_RUNPATH_SEARCH_PATHS = (
					"$(inherited)",
					"@executable_path/Frameworks",
				);
				MARKETING_VERSION = 1.0;
				PRODUCT_BUNDLE_IDENTIFIER = com.EducationProjects.IgisApp;
				PRODUCT_NAME = "$(TARGET_NAME)";
				SWIFT_EMIT_LOC_STRINGS = YES;
				SWIFT_VERSION = 5.0;
				TARGETED_DEVICE_FAMILY = "1,2";
			};
			name = Release;
		};
/* End XCBuildConfiguration section */

/* Begin XCConfigurationList section */
		F3F607E4292E242E0009E684 /* Build configuration list for PBXProject "IgisApp" */ = {
			isa = XCConfigurationList;
			buildConfigurations = (
				F3F607FA292E242F0009E684 /* Debug */,
				F3F607FB292E242F0009E684 /* Release */,
			);
			defaultConfigurationIsVisible = 0;
			defaultConfigurationName = Release;
		};
		F3F607FC292E242F0009E684 /* Build configuration list for PBXNativeTarget "IgisApp" */ = {
			isa = XCConfigurationList;
			buildConfigurations = (
				F3F607FD292E242F0009E684 /* Debug */,
				F3F607FE292E242F0009E684 /* Release */,
			);
			defaultConfigurationIsVisible = 0;
			defaultConfigurationName = Release;
		};
/* End XCConfigurationList section */

/* Begin XCRemoteSwiftPackageReference section */
		F3EAE5812A043DCB009391FA /* XCRemoteSwiftPackageReference "socket" */ = {
			isa = XCRemoteSwiftPackageReference;
			repositoryURL = "https://github.com/socketio/socket.io-client-swift";
			requirement = {
				branch = master;
				kind = branch;
			};
		};
		F3EAE5842A043DE2009391FA /* XCRemoteSwiftPackageReference "MessagePacker" */ = {
			isa = XCRemoteSwiftPackageReference;
			repositoryURL = "https://github.com/hirotakan/MessagePacker.git";
			requirement = {
				kind = upToNextMajorVersion;
				minimumVersion = 0.4.7;
			};
		};
/* End XCRemoteSwiftPackageReference section */

/* Begin XCSwiftPackageProductDependency section */
		F3EAE5822A043DCB009391FA /* SocketIO */ = {
			isa = XCSwiftPackageProductDependency;
			package = F3EAE5812A043DCB009391FA /* XCRemoteSwiftPackageReference "socket" */;
			productName = SocketIO;
		};
		F3EAE5852A043DE2009391FA /* MessagePacker */ = {
			isa = XCSwiftPackageProductDependency;
			package = F3EAE5842A043DE2009391FA /* XCRemoteSwiftPackageReference "MessagePacker" */;
			productName = MessagePacker;
		};
/* End XCSwiftPackageProductDependency section */
	};
	rootObject = F3F607E1292E242E0009E684 /* Project object */;
}
