// !$*UTF8*$!
{
	archiveVersion = 1;
	classes = {
	};
	objectVersion = 56;
	objects = {

/* Begin PBXBuildFile section */
		F30375692BAD91D10076E57A /* MapStop.swift in Sources */ = {isa = PBXBuildFile; fileRef = F30375682BAD91D10076E57A /* MapStop.swift */; };
		F30BC48A29A2C79000406D00 /* SelectStopView.swift in Sources */ = {isa = PBXBuildFile; fileRef = F30BC48929A2C79000406D00 /* SelectStopView.swift */; };
		F30FB5D22B62D30D0083114E /* Extensions.swift in Sources */ = {isa = PBXBuildFile; fileRef = F30FB5D12B62D30D0083114E /* Extensions.swift */; };
		F30FB5D42B62D39C0083114E /* CustomNavigationStack.swift in Sources */ = {isa = PBXBuildFile; fileRef = F30FB5D32B62D39C0083114E /* CustomNavigationStack.swift */; };
		F311176C299A406100351326 /* DataBase.swift in Sources */ = {isa = PBXBuildFile; fileRef = F311176B299A406100351326 /* DataBase.swift */; };
		F31E02B12B690D13003527AF /* SettingsButton.swift in Sources */ = {isa = PBXBuildFile; fileRef = F31E02B02B690D13003527AF /* SettingsButton.swift */; };
		F31E02B32B69107F003527AF /* QuestionButton.swift in Sources */ = {isa = PBXBuildFile; fileRef = F31E02B22B69107F003527AF /* QuestionButton.swift */; };
		F31E02B52B6911DE003527AF /* BackLabel.swift in Sources */ = {isa = PBXBuildFile; fileRef = F31E02B42B6911DE003527AF /* BackLabel.swift */; };
		F31E23642B0AA63E008BDFD7 /* AppTabBarViewModel.swift in Sources */ = {isa = PBXBuildFile; fileRef = F31E23632B0AA63E008BDFD7 /* AppTabBarViewModel.swift */; };
		F31E23662B0AA650008BDFD7 /* AppTabBarModel.swift in Sources */ = {isa = PBXBuildFile; fileRef = F31E23652B0AA650008BDFD7 /* AppTabBarModel.swift */; };
		F32013C72B28513400A8727A /* ScannerView.swift in Sources */ = {isa = PBXBuildFile; fileRef = F32013C62B28513400A8727A /* ScannerView.swift */; };
		F32013C92B28555700A8727A /* CameraView.swift in Sources */ = {isa = PBXBuildFile; fileRef = F32013C82B28555700A8727A /* CameraView.swift */; };
		F32013CB2B2857F800A8727A /* Permission.swift in Sources */ = {isa = PBXBuildFile; fileRef = F32013CA2B2857F800A8727A /* Permission.swift */; };
		F32013CD2B285B2B00A8727A /* QRScannerDelegate.swift in Sources */ = {isa = PBXBuildFile; fileRef = F32013CC2B285B2B00A8727A /* QRScannerDelegate.swift */; };
		F32F01FD29F55F7300F2B1A3 /* CheckConnection.swift in Sources */ = {isa = PBXBuildFile; fileRef = F32F01FC29F55F7300F2B1A3 /* CheckConnection.swift */; };
		F335263929E029EA001A1017 /* route.json in Resources */ = {isa = PBXBuildFile; fileRef = F335262D29E029EA001A1017 /* route.json */; };
		F335263A29E029EA001A1017 /* city_route.json in Resources */ = {isa = PBXBuildFile; fileRef = F335262E29E029EA001A1017 /* city_route.json */; };
		F335263B29E029EA001A1017 /* carrier.json in Resources */ = {isa = PBXBuildFile; fileRef = F335262F29E029EA001A1017 /* carrier.json */; };
		F335263C29E029EA001A1017 /* stage.json in Resources */ = {isa = PBXBuildFile; fileRef = F335263029E029EA001A1017 /* stage.json */; };
		F335263D29E029EA001A1017 /* carrier_branch.json in Resources */ = {isa = PBXBuildFile; fileRef = F335263129E029EA001A1017 /* carrier_branch.json */; };
		F335263E29E029EA001A1017 /* stop_alt.json in Resources */ = {isa = PBXBuildFile; fileRef = F335263229E029EA001A1017 /* stop_alt.json */; };
		F335263F29E029EA001A1017 /* city.json in Resources */ = {isa = PBXBuildFile; fileRef = F335263329E029EA001A1017 /* city.json */; };
		F335264029E029EA001A1017 /* stop_nearest.json in Resources */ = {isa = PBXBuildFile; fileRef = F335263429E029EA001A1017 /* stop_nearest.json */; };
		F335264129E029EA001A1017 /* ts_model.json in Resources */ = {isa = PBXBuildFile; fileRef = F335263529E029EA001A1017 /* ts_model.json */; };
		F335264229E029EA001A1017 /* stop.json in Resources */ = {isa = PBXBuildFile; fileRef = F335263629E029EA001A1017 /* stop.json */; };
		F335264329E029EA001A1017 /* ts.json in Resources */ = {isa = PBXBuildFile; fileRef = F335263729E029EA001A1017 /* ts.json */; };
		F335264429E029EA001A1017 /* subroute.json in Resources */ = {isa = PBXBuildFile; fileRef = F335263829E029EA001A1017 /* subroute.json */; };
		F337E4252B2CE60300D4C2AA /* LabelOfTransportUnit.swift in Sources */ = {isa = PBXBuildFile; fileRef = F337E4242B2CE60300D4C2AA /* LabelOfTransportUnit.swift */; };
		F33E21DF2A2216B000465C2E /* ChooseTimeAlert.swift in Sources */ = {isa = PBXBuildFile; fileRef = F33E21DE2A2216B000465C2E /* ChooseTimeAlert.swift */; };
		F33FB5302C1A1CB10096466D /* WelcomeScreen.swift in Sources */ = {isa = PBXBuildFile; fileRef = F33FB52F2C1A1CB10096466D /* WelcomeScreen.swift */; };
		F33FB5322C1A241D0096466D /* Launch Screen.storyboard in Resources */ = {isa = PBXBuildFile; fileRef = F33FB5312C1A241D0096466D /* Launch Screen.storyboard */; };
		F3432A5C2A265AB9007AD619 /* ServiceSocket.swift in Sources */ = {isa = PBXBuildFile; fileRef = F3432A5B2A265AB9007AD619 /* ServiceSocket.swift */; };
		F3451FB229ADC581008ECCF2 /* NotificationsView.swift in Sources */ = {isa = PBXBuildFile; fileRef = F3451FB129ADC581008ECCF2 /* NotificationsView.swift */; };
		F3451FB929ADD427008ECCF2 /* MessageView.swift in Sources */ = {isa = PBXBuildFile; fileRef = F3451FB829ADD427008ECCF2 /* MessageView.swift */; };
		F3451FBD29ADD4CD008ECCF2 /* ChatModel.swift in Sources */ = {isa = PBXBuildFile; fileRef = F3451FBC29ADD4CD008ECCF2 /* ChatModel.swift */; };
		F3451FBF29ADD53C008ECCF2 /* ChatView.swift in Sources */ = {isa = PBXBuildFile; fileRef = F3451FBE29ADD53C008ECCF2 /* ChatView.swift */; };
		F3451FC329ADDF5B008ECCF2 /* MapView.swift in Sources */ = {isa = PBXBuildFile; fileRef = F3451FC229ADDF5B008ECCF2 /* MapView.swift */; };
		F3474EC42B77782C0074A9D1 /* CustomMap.swift in Sources */ = {isa = PBXBuildFile; fileRef = F3474EC32B77782C0074A9D1 /* CustomMap.swift */; };
		F348F27129A0E34B00AFFAA1 /* CustomMenu.swift in Sources */ = {isa = PBXBuildFile; fileRef = F348F27029A0E34B00AFFAA1 /* CustomMenu.swift */; };
		F348F27429A1044000AFFAA1 /* HashableClass.swift in Sources */ = {isa = PBXBuildFile; fileRef = F348F27329A1044000AFFAA1 /* HashableClass.swift */; };
		F35AA80B2C6E529A003E73E9 /* CustomSearchBar.swift in Sources */ = {isa = PBXBuildFile; fileRef = F35AA80A2C6E529A003E73E9 /* CustomSearchBar.swift */; };
		F35B5E682B04EDF000E82998 /* ShowTransportUnitModel.swift in Sources */ = {isa = PBXBuildFile; fileRef = F35B5E672B04EDF000E82998 /* ShowTransportUnitModel.swift */; };
		F35B5E6A2B04EECB00E82998 /* ShowTransportUnitViewModel.swift in Sources */ = {isa = PBXBuildFile; fileRef = F35B5E692B04EECB00E82998 /* ShowTransportUnitViewModel.swift */; };
		F35B5E6D2B04F2DE00E82998 /* ShowTransportRouteViewModel.swift in Sources */ = {isa = PBXBuildFile; fileRef = F35B5E6C2B04F2DE00E82998 /* ShowTransportRouteViewModel.swift */; };
		F35B5E6F2B04F2E600E82998 /* ShowTransportRouteModel.swift in Sources */ = {isa = PBXBuildFile; fileRef = F35B5E6E2B04F2E600E82998 /* ShowTransportRouteModel.swift */; };
		F35B5E722B04F51B00E82998 /* ChooseTransportRouteViewModel.swift in Sources */ = {isa = PBXBuildFile; fileRef = F35B5E712B04F51B00E82998 /* ChooseTransportRouteViewModel.swift */; };
		F35B5E742B04F52400E82998 /* ChooseTransportRouteModel.swift in Sources */ = {isa = PBXBuildFile; fileRef = F35B5E732B04F52400E82998 /* ChooseTransportRouteModel.swift */; };
		F35B5E772B04F75200E82998 /* ShowTransportStopViewModel.swift in Sources */ = {isa = PBXBuildFile; fileRef = F35B5E762B04F75200E82998 /* ShowTransportStopViewModel.swift */; };
		F35B5E792B04F75A00E82998 /* ShowTransportStopModel.swift in Sources */ = {isa = PBXBuildFile; fileRef = F35B5E782B04F75A00E82998 /* ShowTransportStopModel.swift */; };
		F35D204C2B752FFB00EDB831 /* DirectionsMenu.swift in Sources */ = {isa = PBXBuildFile; fileRef = F35D204B2B752FFB00EDB831 /* DirectionsMenu.swift */; };
		F35ED9152BA4BD3200F26326 /* DropDownAlert.swift in Sources */ = {isa = PBXBuildFile; fileRef = F35ED9142BA4BD3200F26326 /* DropDownAlert.swift */; };
		F36152872B0B525B00A77C45 /* LabelOfStopOrRoute.swift in Sources */ = {isa = PBXBuildFile; fileRef = F36152862B0B525B00A77C45 /* LabelOfStopOrRoute.swift */; };
		F36152892B0B551700A77C45 /* LabelIzhevsk.swift in Sources */ = {isa = PBXBuildFile; fileRef = F36152882B0B551700A77C45 /* LabelIzhevsk.swift */; };
		F361528C2B0B5DAE00A77C45 /* FavoriteRoutesAndStopsViewModel.swift in Sources */ = {isa = PBXBuildFile; fileRef = F361528B2B0B5DAE00A77C45 /* FavoriteRoutesAndStopsViewModel.swift */; };
		F361528E2B0B5DB500A77C45 /* FavoriteRoutesAndStationsModel.swift in Sources */ = {isa = PBXBuildFile; fileRef = F361528D2B0B5DB500A77C45 /* FavoriteRoutesAndStationsModel.swift */; };
		F36152902B0B7B3000A77C45 /* TableOfRouteWithType.swift in Sources */ = {isa = PBXBuildFile; fileRef = F361528F2B0B7B3000A77C45 /* TableOfRouteWithType.swift */; };
		F362C8DA29AA45820019B28C /* CustomScrollReader.swift in Sources */ = {isa = PBXBuildFile; fileRef = F362C8D929AA45820019B28C /* CustomScrollReader.swift */; };
		F363BBC62D2C30B600E22E74 /* GetLocationAccessView.swift in Sources */ = {isa = PBXBuildFile; fileRef = F363BBC52D2C30B600E22E74 /* GetLocationAccessView.swift */; };
		F363BBC82D2C30C100E22E74 /* GetNotificationsAccessView.swift in Sources */ = {isa = PBXBuildFile; fileRef = F363BBC72D2C30C100E22E74 /* GetNotificationsAccessView.swift */; };
		F363BBCB2D2C384000E22E74 /* FirstLaunchStackManager.swift in Sources */ = {isa = PBXBuildFile; fileRef = F363BBCA2D2C383000E22E74 /* FirstLaunchStackManager.swift */; };
		F363BBCD2D2EB7B900E22E74 /* GetCameraAccessView.swift in Sources */ = {isa = PBXBuildFile; fileRef = F363BBCC2D2EB7B900E22E74 /* GetCameraAccessView.swift */; };
		F363BBCF2D2EF37C00E22E74 /* FireBaseService.swift in Sources */ = {isa = PBXBuildFile; fileRef = F363BBCE2D2EF37C00E22E74 /* FireBaseService.swift */; };
		F363BBD22D2EFB8000E22E74 /* FirebaseAnalytics in Frameworks */ = {isa = PBXBuildFile; productRef = F363BBD12D2EFB8000E22E74 /* FirebaseAnalytics */; };
		F363BBD52D2EFCDF00E22E74 /* GoogleService-Info.plist in Resources */ = {isa = PBXBuildFile; fileRef = F363BBD42D2EFCDF00E22E74 /* GoogleService-Info.plist */; };
		F363BBD72D2F03D400E22E74 /* DeviceInfo.swift in Sources */ = {isa = PBXBuildFile; fileRef = F363BBD62D2F03D400E22E74 /* DeviceInfo.swift */; };
		F37730042BCEA205002717B7 /* MapUserLocation.swift in Sources */ = {isa = PBXBuildFile; fileRef = F37730032BCEA205002717B7 /* MapUserLocation.swift */; };
		F3795AA129A3E0A000FF05FD /* FeedBackView.swift in Sources */ = {isa = PBXBuildFile; fileRef = F3795AA029A3E0A000FF05FD /* FeedBackView.swift */; };
		F3795AA329A3F9EC00FF05FD /* QuestionsView.swift in Sources */ = {isa = PBXBuildFile; fileRef = F3795AA229A3F9EC00FF05FD /* QuestionsView.swift */; };
		F3795AA529A4001F00FF05FD /* AnswersView.swift in Sources */ = {isa = PBXBuildFile; fileRef = F3795AA429A4001F00FF05FD /* AnswersView.swift */; };
		F37E4AAA2995530D00049934 /* ShowTransportRouteView.swift in Sources */ = {isa = PBXBuildFile; fileRef = F37E4AA92995530D00049934 /* ShowTransportRouteView.swift */; };
		F3876EC92B70016100B91025 /* MapItemSmall.swift in Sources */ = {isa = PBXBuildFile; fileRef = F3876EC82B70016000B91025 /* MapItemSmall.swift */; };
		F3908C792B10EDCC0096BEFE /* SelectStopViewModel.swift in Sources */ = {isa = PBXBuildFile; fileRef = F3908C782B10EDCC0096BEFE /* SelectStopViewModel.swift */; };
		F3993E6029A6B4540087C1B7 /* FavoriteRoutesAndStopsView.swift in Sources */ = {isa = PBXBuildFile; fileRef = F3993E5F29A6B4540087C1B7 /* FavoriteRoutesAndStopsView.swift */; };
		F39F13402993CEF4001E750B /* CustomTabBarContainerView.swift in Sources */ = {isa = PBXBuildFile; fileRef = F39F133F2993CEF4001E750B /* CustomTabBarContainerView.swift */; };
		F39F13422993D69A001E750B /* AppTabBarView.swift in Sources */ = {isa = PBXBuildFile; fileRef = F39F13412993D699001E750B /* AppTabBarView.swift */; };
		F39F13442993D73A001E750B /* TabBarTabsPreferenceKey.swift in Sources */ = {isa = PBXBuildFile; fileRef = F39F13432993D73A001E750B /* TabBarTabsPreferenceKey.swift */; };
		F39FB5062B66D83800C1C8F9 /* FavoritesGroupStackManager.swift in Sources */ = {isa = PBXBuildFile; fileRef = F39FB5052B66D83800C1C8F9 /* FavoritesGroupStackManager.swift */; };
		F3AD9A3E2BA58416002798F6 /* MapGroupStackManager.swift in Sources */ = {isa = PBXBuildFile; fileRef = F3AD9A3D2BA58416002798F6 /* MapGroupStackManager.swift */; };
		F3B26FEF29ED87CF00F981F8 /* ChooseIconView.swift in Sources */ = {isa = PBXBuildFile; fileRef = F3B26FEE29ED87CF00F981F8 /* ChooseIconView.swift */; };
		F3B43F242D3452F90036B49B /* StopResponse.swift in Sources */ = {isa = PBXBuildFile; fileRef = F3B43F232D3452F40036B49B /* StopResponse.swift */; };
		F3B43F282D3453140036B49B /* EverythingResponse.swift in Sources */ = {isa = PBXBuildFile; fileRef = F3B43F272D3453140036B49B /* EverythingResponse.swift */; };
		F3B43F2A2D34531D0036B49B /* RouteResponse.swift in Sources */ = {isa = PBXBuildFile; fileRef = F3B43F292D34531D0036B49B /* RouteResponse.swift */; };
		F3B43F2C2D3453260036B49B /* EmptyResponse.swift in Sources */ = {isa = PBXBuildFile; fileRef = F3B43F2B2D3453260036B49B /* EmptyResponse.swift */; };
		F3B43F2E2D34532E0036B49B /* UnitResponse.swift in Sources */ = {isa = PBXBuildFile; fileRef = F3B43F2D2D34532E0036B49B /* UnitResponse.swift */; };
		F3B43F302D3453350036B49B /* RouteRequest.swift in Sources */ = {isa = PBXBuildFile; fileRef = F3B43F2F2D3453350036B49B /* RouteRequest.swift */; };
		F3B43F322D34533A0036B49B /* EverythingRequest.swift in Sources */ = {isa = PBXBuildFile; fileRef = F3B43F312D34533A0036B49B /* EverythingRequest.swift */; };
		F3B43F342D34533F0036B49B /* StopRequest.swift in Sources */ = {isa = PBXBuildFile; fileRef = F3B43F332D34533F0036B49B /* StopRequest.swift */; };
		F3B43F362D3453440036B49B /* TransportRequest.swift in Sources */ = {isa = PBXBuildFile; fileRef = F3B43F352D3453440036B49B /* TransportRequest.swift */; };
		F3B43F3A2D3680640036B49B /* DynamicValue.swift in Sources */ = {isa = PBXBuildFile; fileRef = F3B43F392D3680640036B49B /* DynamicValue.swift */; };
		F3B43F3C2D36A6120036B49B /* CustomAnnotation.swift in Sources */ = {isa = PBXBuildFile; fileRef = F3B43F3B2D36A60A0036B49B /* CustomAnnotation.swift */; };
		F3B511A92C4EB9550001E342 /* TransportAnnotationView.swift in Sources */ = {isa = PBXBuildFile; fileRef = F3B511A82C4EB9550001E342 /* TransportAnnotationView.swift */; };
		F3B511AB2C4EB9930001E342 /* UserLocationView.swift in Sources */ = {isa = PBXBuildFile; fileRef = F3B511AA2C4EB9930001E342 /* UserLocationView.swift */; };
		F3B511AD2C4EB9BB0001E342 /* StopAnnotationView.swift in Sources */ = {isa = PBXBuildFile; fileRef = F3B511AC2C4EB9BB0001E342 /* StopAnnotationView.swift */; };
		F3B511AF2C4EB9FA0001E342 /* StopAnnotation.swift in Sources */ = {isa = PBXBuildFile; fileRef = F3B511AE2C4EB9FA0001E342 /* StopAnnotation.swift */; };
		F3B511B12C4EBA2E0001E342 /* TransportAnnotation.swift in Sources */ = {isa = PBXBuildFile; fileRef = F3B511B02C4EBA2E0001E342 /* TransportAnnotation.swift */; };
		F3B584C22B6D0DAA00DE50D6 /* MapItem.swift in Sources */ = {isa = PBXBuildFile; fileRef = F3B584C12B6D0DAA00DE50D6 /* MapItem.swift */; };
		F3B75E762B1B40FB00FD6524 /* FindNearestStopsView.swift in Sources */ = {isa = PBXBuildFile; fileRef = F3B75E752B1B40FB00FD6524 /* FindNearestStopsView.swift */; };
		F3B75E792B1B431200FD6524 /* FindNearestStopsViewModel.swift in Sources */ = {isa = PBXBuildFile; fileRef = F3B75E782B1B431200FD6524 /* FindNearestStopsViewModel.swift */; };
		F3B75E7B2B1B431A00FD6524 /* FindNearestStopsModel.swift in Sources */ = {isa = PBXBuildFile; fileRef = F3B75E7A2B1B431A00FD6524 /* FindNearestStopsModel.swift */; };
		F3B75E7D2B1B473E00FD6524 /* LocationManager.swift in Sources */ = {isa = PBXBuildFile; fileRef = F3B75E7C2B1B473E00FD6524 /* LocationManager.swift */; };
		F3BD09CB29F6665E002669BA /* CustomAlert.swift in Sources */ = {isa = PBXBuildFile; fileRef = F3BD09CA29F6665E002669BA /* CustomAlert.swift */; };
		F3BD09CD29F66687002669BA /* CustomAlertButton.swift in Sources */ = {isa = PBXBuildFile; fileRef = F3BD09CC29F66687002669BA /* CustomAlertButton.swift */; };
		F3BD09CF29F81966002669BA /* CustomAlertModifier.swift in Sources */ = {isa = PBXBuildFile; fileRef = F3BD09CE29F81966002669BA /* CustomAlertModifier.swift */; };
		F3BD09D129F81994002669BA /* ViewExtension.swift in Sources */ = {isa = PBXBuildFile; fileRef = F3BD09D029F81994002669BA /* ViewExtension.swift */; };
		F3C5CC512BAF082F001E6251 /* NearestStopGroupStackManager.swift in Sources */ = {isa = PBXBuildFile; fileRef = F3C5CC502BAF082F001E6251 /* NearestStopGroupStackManager.swift */; };
		F3C78F152A422D4E0026A97E /* ShowTransportUnitView.swift in Sources */ = {isa = PBXBuildFile; fileRef = F3C78F142A422D4E0026A97E /* ShowTransportUnitView.swift */; };
		F3D7DFF129942C2B0059B4C4 /* LabelTypeTransport.swift in Sources */ = {isa = PBXBuildFile; fileRef = F3D7DFF029942C2B0059B4C4 /* LabelTypeTransport.swift */; };
		F3D7DFF32994324E0059B4C4 /* SelectTransportType.swift in Sources */ = {isa = PBXBuildFile; fileRef = F3D7DFF22994324E0059B4C4 /* SelectTransportType.swift */; };
		F3D7DFF629943AB50059B4C4 /* SelectRouteOrStopView.swift in Sources */ = {isa = PBXBuildFile; fileRef = F3D7DFF529943AB50059B4C4 /* SelectRouteOrStopView.swift */; };
		F3DB410629A35B2D005497F7 /* SettingsView.swift in Sources */ = {isa = PBXBuildFile; fileRef = F3DB410529A35B2D005497F7 /* SettingsView.swift */; };
		F3DB410829A36ED2005497F7 /* SettingsGroupStackManager.swift in Sources */ = {isa = PBXBuildFile; fileRef = F3DB410729A36ED2005497F7 /* SettingsGroupStackManager.swift */; };
		F3DB410A29A3710F005497F7 /* AboutAppView.swift in Sources */ = {isa = PBXBuildFile; fileRef = F3DB410929A3710F005497F7 /* AboutAppView.swift */; };
		F3E581FF29FB0B490062DD66 /* ShowTransportStopView.swift in Sources */ = {isa = PBXBuildFile; fileRef = F3E581FE29FB0B490062DD66 /* ShowTransportStopView.swift */; };
		F3EAE5832A043DCB009391FA /* SocketIO in Frameworks */ = {isa = PBXBuildFile; productRef = F3EAE5822A043DCB009391FA /* SocketIO */; };
		F3EAE5862A043DE2009391FA /* MessagePacker in Frameworks */ = {isa = PBXBuildFile; productRef = F3EAE5852A043DE2009391FA /* MessagePacker */; };
		F3F607ED292E242E0009E684 /* IgisAppApp.swift in Sources */ = {isa = PBXBuildFile; fileRef = F3F607EC292E242E0009E684 /* IgisAppApp.swift */; };
		F3F607F1292E242F0009E684 /* Assets.xcassets in Resources */ = {isa = PBXBuildFile; fileRef = F3F607F0292E242F0009E684 /* Assets.xcassets */; };
		F3F607F4292E242F0009E684 /* Preview Assets.xcassets in Resources */ = {isa = PBXBuildFile; fileRef = F3F607F3292E242F0009E684 /* Preview Assets.xcassets */; };
		F3F60801292E264D0009E684 /* CustomTabBar.swift in Sources */ = {isa = PBXBuildFile; fileRef = F3F60800292E264D0009E684 /* CustomTabBar.swift */; };
		F3F60803292E26810009E684 /* TransportGroupStackManager.swift in Sources */ = {isa = PBXBuildFile; fileRef = F3F60802292E26810009E684 /* TransportGroupStackManager.swift */; };
		F3F608052930D2960009E684 /* ChooseTransportRouteView.swift in Sources */ = {isa = PBXBuildFile; fileRef = F3F608042930D2960009E684 /* ChooseTransportRouteView.swift */; };
		F3F608072930D3B90009E684 /* GeneralViewModel.swift in Sources */ = {isa = PBXBuildFile; fileRef = F3F608062930D3B90009E684 /* GeneralViewModel.swift */; };
		F3F67DD62A27D0DE00165BB2 /* MapViewModel.swift in Sources */ = {isa = PBXBuildFile; fileRef = F3F67DD52A27D0DE00165BB2 /* MapViewModel.swift */; };
		F3F67DD82A27D0E600165BB2 /* MapModel.swift in Sources */ = {isa = PBXBuildFile; fileRef = F3F67DD72A27D0E600165BB2 /* MapModel.swift */; };
		F3F6ADB129D383F700D74D32 /* Vibration.swift in Sources */ = {isa = PBXBuildFile; fileRef = F3F6ADB029D383F700D74D32 /* Vibration.swift */; };
		F3FA6E932B6C41A000270504 /* StopListRow.swift in Sources */ = {isa = PBXBuildFile; fileRef = F3FA6E922B6C41A000270504 /* StopListRow.swift */; };
/* End PBXBuildFile section */

/* Begin PBXFileReference section */
		F30375682BAD91D10076E57A /* MapStop.swift */ = {isa = PBXFileReference; lastKnownFileType = sourcecode.swift; path = MapStop.swift; sourceTree = "<group>"; };
		F30BC48929A2C79000406D00 /* SelectStopView.swift */ = {isa = PBXFileReference; lastKnownFileType = sourcecode.swift; path = SelectStopView.swift; sourceTree = "<group>"; };
		F30FB5D12B62D30D0083114E /* Extensions.swift */ = {isa = PBXFileReference; lastKnownFileType = sourcecode.swift; path = Extensions.swift; sourceTree = "<group>"; };
		F30FB5D32B62D39C0083114E /* CustomNavigationStack.swift */ = {isa = PBXFileReference; lastKnownFileType = sourcecode.swift; path = CustomNavigationStack.swift; sourceTree = "<group>"; };
		F311176B299A406100351326 /* DataBase.swift */ = {isa = PBXFileReference; lastKnownFileType = sourcecode.swift; path = DataBase.swift; sourceTree = "<group>"; };
		F31E02B02B690D13003527AF /* SettingsButton.swift */ = {isa = PBXFileReference; lastKnownFileType = sourcecode.swift; path = SettingsButton.swift; sourceTree = "<group>"; };
		F31E02B22B69107F003527AF /* QuestionButton.swift */ = {isa = PBXFileReference; lastKnownFileType = sourcecode.swift; path = QuestionButton.swift; sourceTree = "<group>"; };
		F31E02B42B6911DE003527AF /* BackLabel.swift */ = {isa = PBXFileReference; lastKnownFileType = sourcecode.swift; path = BackLabel.swift; sourceTree = "<group>"; };
		F31E23632B0AA63E008BDFD7 /* AppTabBarViewModel.swift */ = {isa = PBXFileReference; lastKnownFileType = sourcecode.swift; path = AppTabBarViewModel.swift; sourceTree = "<group>"; };
		F31E23652B0AA650008BDFD7 /* AppTabBarModel.swift */ = {isa = PBXFileReference; lastKnownFileType = sourcecode.swift; path = AppTabBarModel.swift; sourceTree = "<group>"; };
		F32013C62B28513400A8727A /* ScannerView.swift */ = {isa = PBXFileReference; lastKnownFileType = sourcecode.swift; path = ScannerView.swift; sourceTree = "<group>"; };
		F32013C82B28555700A8727A /* CameraView.swift */ = {isa = PBXFileReference; lastKnownFileType = sourcecode.swift; path = CameraView.swift; sourceTree = "<group>"; };
		F32013CA2B2857F800A8727A /* Permission.swift */ = {isa = PBXFileReference; lastKnownFileType = sourcecode.swift; path = Permission.swift; sourceTree = "<group>"; };
		F32013CC2B285B2B00A8727A /* QRScannerDelegate.swift */ = {isa = PBXFileReference; lastKnownFileType = sourcecode.swift; path = QRScannerDelegate.swift; sourceTree = "<group>"; };
		F32F01FC29F55F7300F2B1A3 /* CheckConnection.swift */ = {isa = PBXFileReference; lastKnownFileType = sourcecode.swift; path = CheckConnection.swift; sourceTree = "<group>"; };
		F335262D29E029EA001A1017 /* route.json */ = {isa = PBXFileReference; fileEncoding = 4; lastKnownFileType = text.json; path = route.json; sourceTree = "<group>"; };
		F335262E29E029EA001A1017 /* city_route.json */ = {isa = PBXFileReference; fileEncoding = 4; lastKnownFileType = text.json; path = city_route.json; sourceTree = "<group>"; };
		F335262F29E029EA001A1017 /* carrier.json */ = {isa = PBXFileReference; fileEncoding = 4; lastKnownFileType = text.json; path = carrier.json; sourceTree = "<group>"; };
		F335263029E029EA001A1017 /* stage.json */ = {isa = PBXFileReference; fileEncoding = 4; lastKnownFileType = text.json; path = stage.json; sourceTree = "<group>"; };
		F335263129E029EA001A1017 /* carrier_branch.json */ = {isa = PBXFileReference; fileEncoding = 4; lastKnownFileType = text.json; path = carrier_branch.json; sourceTree = "<group>"; };
		F335263229E029EA001A1017 /* stop_alt.json */ = {isa = PBXFileReference; fileEncoding = 4; lastKnownFileType = text.json; path = stop_alt.json; sourceTree = "<group>"; };
		F335263329E029EA001A1017 /* city.json */ = {isa = PBXFileReference; fileEncoding = 4; lastKnownFileType = text.json; path = city.json; sourceTree = "<group>"; };
		F335263429E029EA001A1017 /* stop_nearest.json */ = {isa = PBXFileReference; fileEncoding = 4; lastKnownFileType = text.json; path = stop_nearest.json; sourceTree = "<group>"; };
		F335263529E029EA001A1017 /* ts_model.json */ = {isa = PBXFileReference; fileEncoding = 4; lastKnownFileType = text.json; path = ts_model.json; sourceTree = "<group>"; };
		F335263629E029EA001A1017 /* stop.json */ = {isa = PBXFileReference; fileEncoding = 4; lastKnownFileType = text.json; path = stop.json; sourceTree = "<group>"; };
		F335263729E029EA001A1017 /* ts.json */ = {isa = PBXFileReference; fileEncoding = 4; lastKnownFileType = text.json; path = ts.json; sourceTree = "<group>"; };
		F335263829E029EA001A1017 /* subroute.json */ = {isa = PBXFileReference; fileEncoding = 4; lastKnownFileType = text.json; path = subroute.json; sourceTree = "<group>"; };
		F337E4242B2CE60300D4C2AA /* LabelOfTransportUnit.swift */ = {isa = PBXFileReference; lastKnownFileType = sourcecode.swift; path = LabelOfTransportUnit.swift; sourceTree = "<group>"; };
		F33E21DE2A2216B000465C2E /* ChooseTimeAlert.swift */ = {isa = PBXFileReference; lastKnownFileType = sourcecode.swift; path = ChooseTimeAlert.swift; sourceTree = "<group>"; };
		F33FB52F2C1A1CB10096466D /* WelcomeScreen.swift */ = {isa = PBXFileReference; lastKnownFileType = sourcecode.swift; path = WelcomeScreen.swift; sourceTree = "<group>"; };
		F33FB5312C1A241D0096466D /* Launch Screen.storyboard */ = {isa = PBXFileReference; lastKnownFileType = file.storyboard; path = "Launch Screen.storyboard"; sourceTree = "<group>"; };
		F3432A5B2A265AB9007AD619 /* ServiceSocket.swift */ = {isa = PBXFileReference; lastKnownFileType = sourcecode.swift; path = ServiceSocket.swift; sourceTree = "<group>"; };
		F3451FB129ADC581008ECCF2 /* NotificationsView.swift */ = {isa = PBXFileReference; lastKnownFileType = sourcecode.swift; path = NotificationsView.swift; sourceTree = "<group>"; };
		F3451FB829ADD427008ECCF2 /* MessageView.swift */ = {isa = PBXFileReference; lastKnownFileType = sourcecode.swift; path = MessageView.swift; sourceTree = "<group>"; };
		F3451FBC29ADD4CD008ECCF2 /* ChatModel.swift */ = {isa = PBXFileReference; lastKnownFileType = sourcecode.swift; path = ChatModel.swift; sourceTree = "<group>"; };
		F3451FBE29ADD53C008ECCF2 /* ChatView.swift */ = {isa = PBXFileReference; lastKnownFileType = sourcecode.swift; path = ChatView.swift; sourceTree = "<group>"; };
		F3451FC229ADDF5B008ECCF2 /* MapView.swift */ = {isa = PBXFileReference; lastKnownFileType = sourcecode.swift; path = MapView.swift; sourceTree = "<group>"; };
		F3474EC32B77782C0074A9D1 /* CustomMap.swift */ = {isa = PBXFileReference; lastKnownFileType = sourcecode.swift; path = CustomMap.swift; sourceTree = "<group>"; };
		F348F27029A0E34B00AFFAA1 /* CustomMenu.swift */ = {isa = PBXFileReference; lastKnownFileType = sourcecode.swift; path = CustomMenu.swift; sourceTree = "<group>"; };
		F348F27329A1044000AFFAA1 /* HashableClass.swift */ = {isa = PBXFileReference; lastKnownFileType = sourcecode.swift; path = HashableClass.swift; sourceTree = "<group>"; };
		F35AA80A2C6E529A003E73E9 /* CustomSearchBar.swift */ = {isa = PBXFileReference; lastKnownFileType = sourcecode.swift; path = CustomSearchBar.swift; sourceTree = "<group>"; };
		F35B5E672B04EDF000E82998 /* ShowTransportUnitModel.swift */ = {isa = PBXFileReference; lastKnownFileType = sourcecode.swift; path = ShowTransportUnitModel.swift; sourceTree = "<group>"; };
		F35B5E692B04EECB00E82998 /* ShowTransportUnitViewModel.swift */ = {isa = PBXFileReference; lastKnownFileType = sourcecode.swift; path = ShowTransportUnitViewModel.swift; sourceTree = "<group>"; };
		F35B5E6C2B04F2DE00E82998 /* ShowTransportRouteViewModel.swift */ = {isa = PBXFileReference; lastKnownFileType = sourcecode.swift; path = ShowTransportRouteViewModel.swift; sourceTree = "<group>"; };
		F35B5E6E2B04F2E600E82998 /* ShowTransportRouteModel.swift */ = {isa = PBXFileReference; lastKnownFileType = sourcecode.swift; path = ShowTransportRouteModel.swift; sourceTree = "<group>"; };
		F35B5E712B04F51B00E82998 /* ChooseTransportRouteViewModel.swift */ = {isa = PBXFileReference; lastKnownFileType = sourcecode.swift; path = ChooseTransportRouteViewModel.swift; sourceTree = "<group>"; };
		F35B5E732B04F52400E82998 /* ChooseTransportRouteModel.swift */ = {isa = PBXFileReference; lastKnownFileType = sourcecode.swift; path = ChooseTransportRouteModel.swift; sourceTree = "<group>"; };
		F35B5E762B04F75200E82998 /* ShowTransportStopViewModel.swift */ = {isa = PBXFileReference; lastKnownFileType = sourcecode.swift; path = ShowTransportStopViewModel.swift; sourceTree = "<group>"; };
		F35B5E782B04F75A00E82998 /* ShowTransportStopModel.swift */ = {isa = PBXFileReference; lastKnownFileType = sourcecode.swift; path = ShowTransportStopModel.swift; sourceTree = "<group>"; };
		F35D204B2B752FFB00EDB831 /* DirectionsMenu.swift */ = {isa = PBXFileReference; lastKnownFileType = sourcecode.swift; path = DirectionsMenu.swift; sourceTree = "<group>"; };
		F35ED9142BA4BD3200F26326 /* DropDownAlert.swift */ = {isa = PBXFileReference; lastKnownFileType = sourcecode.swift; path = DropDownAlert.swift; sourceTree = "<group>"; };
		F36152862B0B525B00A77C45 /* LabelOfStopOrRoute.swift */ = {isa = PBXFileReference; lastKnownFileType = sourcecode.swift; path = LabelOfStopOrRoute.swift; sourceTree = "<group>"; };
		F36152882B0B551700A77C45 /* LabelIzhevsk.swift */ = {isa = PBXFileReference; lastKnownFileType = sourcecode.swift; path = LabelIzhevsk.swift; sourceTree = "<group>"; };
		F361528B2B0B5DAE00A77C45 /* FavoriteRoutesAndStopsViewModel.swift */ = {isa = PBXFileReference; lastKnownFileType = sourcecode.swift; path = FavoriteRoutesAndStopsViewModel.swift; sourceTree = "<group>"; };
		F361528D2B0B5DB500A77C45 /* FavoriteRoutesAndStationsModel.swift */ = {isa = PBXFileReference; lastKnownFileType = sourcecode.swift; path = FavoriteRoutesAndStationsModel.swift; sourceTree = "<group>"; };
		F361528F2B0B7B3000A77C45 /* TableOfRouteWithType.swift */ = {isa = PBXFileReference; lastKnownFileType = sourcecode.swift; path = TableOfRouteWithType.swift; sourceTree = "<group>"; };
		F362C8D929AA45820019B28C /* CustomScrollReader.swift */ = {isa = PBXFileReference; lastKnownFileType = sourcecode.swift; path = CustomScrollReader.swift; sourceTree = "<group>"; };
		F363BBC52D2C30B600E22E74 /* GetLocationAccessView.swift */ = {isa = PBXFileReference; lastKnownFileType = sourcecode.swift; path = GetLocationAccessView.swift; sourceTree = "<group>"; };
		F363BBC72D2C30C100E22E74 /* GetNotificationsAccessView.swift */ = {isa = PBXFileReference; lastKnownFileType = sourcecode.swift; path = GetNotificationsAccessView.swift; sourceTree = "<group>"; };
		F363BBCA2D2C383000E22E74 /* FirstLaunchStackManager.swift */ = {isa = PBXFileReference; lastKnownFileType = sourcecode.swift; path = FirstLaunchStackManager.swift; sourceTree = "<group>"; };
		F363BBCC2D2EB7B900E22E74 /* GetCameraAccessView.swift */ = {isa = PBXFileReference; lastKnownFileType = sourcecode.swift; path = GetCameraAccessView.swift; sourceTree = "<group>"; };
		F363BBCE2D2EF37C00E22E74 /* FireBaseService.swift */ = {isa = PBXFileReference; lastKnownFileType = sourcecode.swift; path = FireBaseService.swift; sourceTree = "<group>"; };
		F363BBD42D2EFCDF00E22E74 /* GoogleService-Info.plist */ = {isa = PBXFileReference; lastKnownFileType = text.plist.xml; path = "GoogleService-Info.plist"; sourceTree = "<group>"; };
		F363BBD62D2F03D400E22E74 /* DeviceInfo.swift */ = {isa = PBXFileReference; lastKnownFileType = sourcecode.swift; path = DeviceInfo.swift; sourceTree = "<group>"; };
		F37730032BCEA205002717B7 /* MapUserLocation.swift */ = {isa = PBXFileReference; lastKnownFileType = sourcecode.swift; path = MapUserLocation.swift; sourceTree = "<group>"; };
		F3795AA029A3E0A000FF05FD /* FeedBackView.swift */ = {isa = PBXFileReference; lastKnownFileType = sourcecode.swift; path = FeedBackView.swift; sourceTree = "<group>"; };
		F3795AA229A3F9EC00FF05FD /* QuestionsView.swift */ = {isa = PBXFileReference; lastKnownFileType = sourcecode.swift; path = QuestionsView.swift; sourceTree = "<group>"; };
		F3795AA429A4001F00FF05FD /* AnswersView.swift */ = {isa = PBXFileReference; lastKnownFileType = sourcecode.swift; path = AnswersView.swift; sourceTree = "<group>"; };
		F37E4AA92995530D00049934 /* ShowTransportRouteView.swift */ = {isa = PBXFileReference; lastKnownFileType = sourcecode.swift; path = ShowTransportRouteView.swift; sourceTree = "<group>"; };
		F3876EC82B70016000B91025 /* MapItemSmall.swift */ = {isa = PBXFileReference; lastKnownFileType = sourcecode.swift; path = MapItemSmall.swift; sourceTree = "<group>"; };
		F3908C782B10EDCC0096BEFE /* SelectStopViewModel.swift */ = {isa = PBXFileReference; lastKnownFileType = sourcecode.swift; path = SelectStopViewModel.swift; sourceTree = "<group>"; };
		F3993E5F29A6B4540087C1B7 /* FavoriteRoutesAndStopsView.swift */ = {isa = PBXFileReference; lastKnownFileType = sourcecode.swift; path = FavoriteRoutesAndStopsView.swift; sourceTree = "<group>"; };
		F39F133F2993CEF4001E750B /* CustomTabBarContainerView.swift */ = {isa = PBXFileReference; lastKnownFileType = sourcecode.swift; path = CustomTabBarContainerView.swift; sourceTree = "<group>"; };
		F39F13412993D699001E750B /* AppTabBarView.swift */ = {isa = PBXFileReference; lastKnownFileType = sourcecode.swift; path = AppTabBarView.swift; sourceTree = "<group>"; };
		F39F13432993D73A001E750B /* TabBarTabsPreferenceKey.swift */ = {isa = PBXFileReference; lastKnownFileType = sourcecode.swift; path = TabBarTabsPreferenceKey.swift; sourceTree = "<group>"; };
		F39FB5052B66D83800C1C8F9 /* FavoritesGroupStackManager.swift */ = {isa = PBXFileReference; lastKnownFileType = sourcecode.swift; path = FavoritesGroupStackManager.swift; sourceTree = "<group>"; };
		F3AD9A3D2BA58416002798F6 /* MapGroupStackManager.swift */ = {isa = PBXFileReference; lastKnownFileType = sourcecode.swift; path = MapGroupStackManager.swift; sourceTree = "<group>"; };
		F3B26FEE29ED87CF00F981F8 /* ChooseIconView.swift */ = {isa = PBXFileReference; lastKnownFileType = sourcecode.swift; path = ChooseIconView.swift; sourceTree = "<group>"; };
		F3B26FF929ED95CC00F981F8 /* Info.plist */ = {isa = PBXFileReference; lastKnownFileType = text.plist; path = Info.plist; sourceTree = "<group>"; };
		F3B43F232D3452F40036B49B /* StopResponse.swift */ = {isa = PBXFileReference; lastKnownFileType = sourcecode.swift; path = StopResponse.swift; sourceTree = "<group>"; };
		F3B43F272D3453140036B49B /* EverythingResponse.swift */ = {isa = PBXFileReference; lastKnownFileType = sourcecode.swift; path = EverythingResponse.swift; sourceTree = "<group>"; };
		F3B43F292D34531D0036B49B /* RouteResponse.swift */ = {isa = PBXFileReference; lastKnownFileType = sourcecode.swift; path = RouteResponse.swift; sourceTree = "<group>"; };
		F3B43F2B2D3453260036B49B /* EmptyResponse.swift */ = {isa = PBXFileReference; lastKnownFileType = sourcecode.swift; path = EmptyResponse.swift; sourceTree = "<group>"; };
		F3B43F2D2D34532E0036B49B /* UnitResponse.swift */ = {isa = PBXFileReference; lastKnownFileType = sourcecode.swift; path = UnitResponse.swift; sourceTree = "<group>"; };
		F3B43F2F2D3453350036B49B /* RouteRequest.swift */ = {isa = PBXFileReference; lastKnownFileType = sourcecode.swift; path = RouteRequest.swift; sourceTree = "<group>"; };
		F3B43F312D34533A0036B49B /* EverythingRequest.swift */ = {isa = PBXFileReference; lastKnownFileType = sourcecode.swift; path = EverythingRequest.swift; sourceTree = "<group>"; };
		F3B43F332D34533F0036B49B /* StopRequest.swift */ = {isa = PBXFileReference; lastKnownFileType = sourcecode.swift; path = StopRequest.swift; sourceTree = "<group>"; };
		F3B43F352D3453440036B49B /* TransportRequest.swift */ = {isa = PBXFileReference; lastKnownFileType = sourcecode.swift; path = TransportRequest.swift; sourceTree = "<group>"; };
		F3B43F392D3680640036B49B /* DynamicValue.swift */ = {isa = PBXFileReference; lastKnownFileType = sourcecode.swift; path = DynamicValue.swift; sourceTree = "<group>"; };
		F3B43F3B2D36A60A0036B49B /* CustomAnnotation.swift */ = {isa = PBXFileReference; lastKnownFileType = sourcecode.swift; path = CustomAnnotation.swift; sourceTree = "<group>"; };
		F3B511A82C4EB9550001E342 /* TransportAnnotationView.swift */ = {isa = PBXFileReference; lastKnownFileType = sourcecode.swift; path = TransportAnnotationView.swift; sourceTree = "<group>"; };
		F3B511AA2C4EB9930001E342 /* UserLocationView.swift */ = {isa = PBXFileReference; lastKnownFileType = sourcecode.swift; path = UserLocationView.swift; sourceTree = "<group>"; };
		F3B511AC2C4EB9BB0001E342 /* StopAnnotationView.swift */ = {isa = PBXFileReference; lastKnownFileType = sourcecode.swift; path = StopAnnotationView.swift; sourceTree = "<group>"; };
		F3B511AE2C4EB9FA0001E342 /* StopAnnotation.swift */ = {isa = PBXFileReference; lastKnownFileType = sourcecode.swift; path = StopAnnotation.swift; sourceTree = "<group>"; };
		F3B511B02C4EBA2E0001E342 /* TransportAnnotation.swift */ = {isa = PBXFileReference; lastKnownFileType = sourcecode.swift; path = TransportAnnotation.swift; sourceTree = "<group>"; };
		F3B584C12B6D0DAA00DE50D6 /* MapItem.swift */ = {isa = PBXFileReference; lastKnownFileType = sourcecode.swift; path = MapItem.swift; sourceTree = "<group>"; };
		F3B75E752B1B40FB00FD6524 /* FindNearestStopsView.swift */ = {isa = PBXFileReference; lastKnownFileType = sourcecode.swift; path = FindNearestStopsView.swift; sourceTree = "<group>"; };
		F3B75E782B1B431200FD6524 /* FindNearestStopsViewModel.swift */ = {isa = PBXFileReference; lastKnownFileType = sourcecode.swift; path = FindNearestStopsViewModel.swift; sourceTree = "<group>"; };
		F3B75E7A2B1B431A00FD6524 /* FindNearestStopsModel.swift */ = {isa = PBXFileReference; lastKnownFileType = sourcecode.swift; path = FindNearestStopsModel.swift; sourceTree = "<group>"; };
		F3B75E7C2B1B473E00FD6524 /* LocationManager.swift */ = {isa = PBXFileReference; lastKnownFileType = sourcecode.swift; path = LocationManager.swift; sourceTree = "<group>"; };
		F3BD09CA29F6665E002669BA /* CustomAlert.swift */ = {isa = PBXFileReference; lastKnownFileType = sourcecode.swift; path = CustomAlert.swift; sourceTree = "<group>"; };
		F3BD09CC29F66687002669BA /* CustomAlertButton.swift */ = {isa = PBXFileReference; lastKnownFileType = sourcecode.swift; path = CustomAlertButton.swift; sourceTree = "<group>"; };
		F3BD09CE29F81966002669BA /* CustomAlertModifier.swift */ = {isa = PBXFileReference; lastKnownFileType = sourcecode.swift; path = CustomAlertModifier.swift; sourceTree = "<group>"; };
		F3BD09D029F81994002669BA /* ViewExtension.swift */ = {isa = PBXFileReference; lastKnownFileType = sourcecode.swift; path = ViewExtension.swift; sourceTree = "<group>"; };
		F3C5CC502BAF082F001E6251 /* NearestStopGroupStackManager.swift */ = {isa = PBXFileReference; lastKnownFileType = sourcecode.swift; path = NearestStopGroupStackManager.swift; sourceTree = "<group>"; };
		F3C78F142A422D4E0026A97E /* ShowTransportUnitView.swift */ = {isa = PBXFileReference; lastKnownFileType = sourcecode.swift; path = ShowTransportUnitView.swift; sourceTree = "<group>"; };
		F3D7DFF029942C2B0059B4C4 /* LabelTypeTransport.swift */ = {isa = PBXFileReference; lastKnownFileType = sourcecode.swift; path = LabelTypeTransport.swift; sourceTree = "<group>"; };
		F3D7DFF22994324E0059B4C4 /* SelectTransportType.swift */ = {isa = PBXFileReference; lastKnownFileType = sourcecode.swift; path = SelectTransportType.swift; sourceTree = "<group>"; };
		F3D7DFF529943AB50059B4C4 /* SelectRouteOrStopView.swift */ = {isa = PBXFileReference; lastKnownFileType = sourcecode.swift; path = SelectRouteOrStopView.swift; sourceTree = "<group>"; };
		F3DB410529A35B2D005497F7 /* SettingsView.swift */ = {isa = PBXFileReference; lastKnownFileType = sourcecode.swift; path = SettingsView.swift; sourceTree = "<group>"; };
		F3DB410729A36ED2005497F7 /* SettingsGroupStackManager.swift */ = {isa = PBXFileReference; lastKnownFileType = sourcecode.swift; path = SettingsGroupStackManager.swift; sourceTree = "<group>"; };
		F3DB410929A3710F005497F7 /* AboutAppView.swift */ = {isa = PBXFileReference; lastKnownFileType = sourcecode.swift; path = AboutAppView.swift; sourceTree = "<group>"; };
		F3E581FE29FB0B490062DD66 /* ShowTransportStopView.swift */ = {isa = PBXFileReference; lastKnownFileType = sourcecode.swift; path = ShowTransportStopView.swift; sourceTree = "<group>"; };
		F3F607E9292E242E0009E684 /* IgisApp.app */ = {isa = PBXFileReference; explicitFileType = wrapper.application; includeInIndex = 0; path = IgisApp.app; sourceTree = BUILT_PRODUCTS_DIR; };
		F3F607EC292E242E0009E684 /* IgisAppApp.swift */ = {isa = PBXFileReference; lastKnownFileType = sourcecode.swift; path = IgisAppApp.swift; sourceTree = "<group>"; };
		F3F607F0292E242F0009E684 /* Assets.xcassets */ = {isa = PBXFileReference; lastKnownFileType = folder.assetcatalog; path = Assets.xcassets; sourceTree = "<group>"; };
		F3F607F3292E242F0009E684 /* Preview Assets.xcassets */ = {isa = PBXFileReference; lastKnownFileType = folder.assetcatalog; path = "Preview Assets.xcassets"; sourceTree = "<group>"; };
		F3F60800292E264D0009E684 /* CustomTabBar.swift */ = {isa = PBXFileReference; lastKnownFileType = sourcecode.swift; path = CustomTabBar.swift; sourceTree = "<group>"; };
		F3F60802292E26810009E684 /* TransportGroupStackManager.swift */ = {isa = PBXFileReference; lastKnownFileType = sourcecode.swift; path = TransportGroupStackManager.swift; sourceTree = "<group>"; };
		F3F608042930D2960009E684 /* ChooseTransportRouteView.swift */ = {isa = PBXFileReference; lastKnownFileType = sourcecode.swift; path = ChooseTransportRouteView.swift; sourceTree = "<group>"; };
		F3F608062930D3B90009E684 /* GeneralViewModel.swift */ = {isa = PBXFileReference; lastKnownFileType = sourcecode.swift; path = GeneralViewModel.swift; sourceTree = "<group>"; };
		F3F67DD52A27D0DE00165BB2 /* MapViewModel.swift */ = {isa = PBXFileReference; lastKnownFileType = sourcecode.swift; path = MapViewModel.swift; sourceTree = "<group>"; };
		F3F67DD72A27D0E600165BB2 /* MapModel.swift */ = {isa = PBXFileReference; lastKnownFileType = sourcecode.swift; path = MapModel.swift; sourceTree = "<group>"; };
		F3F6ADB029D383F700D74D32 /* Vibration.swift */ = {isa = PBXFileReference; lastKnownFileType = sourcecode.swift; path = Vibration.swift; sourceTree = "<group>"; };
		F3FA6E922B6C41A000270504 /* StopListRow.swift */ = {isa = PBXFileReference; lastKnownFileType = sourcecode.swift; path = StopListRow.swift; sourceTree = "<group>"; };
/* End PBXFileReference section */

/* Begin PBXFrameworksBuildPhase section */
		F3F607E6292E242E0009E684 /* Frameworks */ = {
			isa = PBXFrameworksBuildPhase;
			buildActionMask = 2147483647;
			files = (
				F3EAE5862A043DE2009391FA /* MessagePacker in Frameworks */,
				F3EAE5832A043DCB009391FA /* SocketIO in Frameworks */,
				F363BBD22D2EFB8000E22E74 /* FirebaseAnalytics in Frameworks */,
			);
			runOnlyForDeploymentPostprocessing = 0;
		};
/* End PBXFrameworksBuildPhase section */

/* Begin PBXGroup section */
		F302C2B829D37157009020ED /* ViewGroup */ = {
			isa = PBXGroup;
			children = (
				F363BBC92D2C366C00E22E74 /* FirstLaunchView */,
				F3C5CC4F2BAF07FF001E6251 /* NearestStopGroup */,
				F3451FC129ADDF2B008ECCF2 /* MapGroup */,
				F3993E5E29A6B2650087C1B7 /* FavoritesGroup */,
				F3D7DFF4299433400059B4C4 /* ShowTransportGroup */,
				F3DB410429A35B0C005497F7 /* SettingsGroup */,
			);
			path = ViewGroup;
			sourceTree = "<group>";
		};
		F302C2B929D371BD009020ED /* JSON */ = {
			isa = PBXGroup;
			children = (
				F335263129E029EA001A1017 /* carrier_branch.json */,
				F335262F29E029EA001A1017 /* carrier.json */,
				F335262E29E029EA001A1017 /* city_route.json */,
				F335263329E029EA001A1017 /* city.json */,
				F335262D29E029EA001A1017 /* route.json */,
				F335263029E029EA001A1017 /* stage.json */,
				F335263229E029EA001A1017 /* stop_alt.json */,
				F335263429E029EA001A1017 /* stop_nearest.json */,
				F335263629E029EA001A1017 /* stop.json */,
				F335263829E029EA001A1017 /* subroute.json */,
				F335263529E029EA001A1017 /* ts_model.json */,
				F335263729E029EA001A1017 /* ts.json */,
			);
			path = JSON;
			sourceTree = "<group>";
		};
		F31E23622B0AA5FF008BDFD7 /* AppTabBar */ = {
			isa = PBXGroup;
			children = (
				F39F13412993D699001E750B /* AppTabBarView.swift */,
				F31E23632B0AA63E008BDFD7 /* AppTabBarViewModel.swift */,
				F31E23652B0AA650008BDFD7 /* AppTabBarModel.swift */,
			);
			path = AppTabBar;
			sourceTree = "<group>";
		};
		F32013C42B28510C00A8727A /* ScanQRCode */ = {
			isa = PBXGroup;
			children = (
				F32013C62B28513400A8727A /* ScannerView.swift */,
				F32013CA2B2857F800A8727A /* Permission.swift */,
				F32013CC2B285B2B00A8727A /* QRScannerDelegate.swift */,
				F32013C82B28555700A8727A /* CameraView.swift */,
			);
			path = ScanQRCode;
			sourceTree = "<group>";
		};
		F33E21DD2A22168300465C2E /* CustomChooseTimeAlert */ = {
			isa = PBXGroup;
			children = (
				F33E21DE2A2216B000465C2E /* ChooseTimeAlert.swift */,
			);
			path = CustomChooseTimeAlert;
			sourceTree = "<group>";
		};
		F3451FB529ADD3B8008ECCF2 /* NotificationsExample */ = {
			isa = PBXGroup;
			children = (
				F3451FB829ADD427008ECCF2 /* MessageView.swift */,
				F3451FBC29ADD4CD008ECCF2 /* ChatModel.swift */,
				F3451FBE29ADD53C008ECCF2 /* ChatView.swift */,
			);
			path = NotificationsExample;
			sourceTree = "<group>";
		};
		F3451FC029ADDEDF008ECCF2 /* CustomElements */ = {
			isa = PBXGroup;
			children = (
				F39FB5072B66E4C900C1C8F9 /* CustomNavigationStack */,
				F33E21DD2A22168300465C2E /* CustomChooseTimeAlert */,
				F3BD09C929F66623002669BA /* CustomAlert */,
				F348F26F29A0E31500AFFAA1 /* CustomMenu */,
				F362C8D829AA456C0019B28C /* CustomScrollReader */,
				F3F607FF292E261E0009E684 /* CustomTabBar */,
			);
			path = CustomElements;
			sourceTree = "<group>";
		};
		F3451FC129ADDF2B008ECCF2 /* MapGroup */ = {
			isa = PBXGroup;
			children = (
				F3AD9A3D2BA58416002798F6 /* MapGroupStackManager.swift */,
				F3451FC229ADDF5B008ECCF2 /* MapView.swift */,
				F3474EC32B77782C0074A9D1 /* CustomMap.swift */,
				F3F67DD52A27D0DE00165BB2 /* MapViewModel.swift */,
				F3F67DD72A27D0E600165BB2 /* MapModel.swift */,
				F35ED9142BA4BD3200F26326 /* DropDownAlert.swift */,
				F35AA80A2C6E529A003E73E9 /* CustomSearchBar.swift */,
				F349AC092D2C236600262E60 /* Annotations */,
			);
			path = MapGroup;
			sourceTree = "<group>";
		};
		F348F26F29A0E31500AFFAA1 /* CustomMenu */ = {
			isa = PBXGroup;
			children = (
				F348F27029A0E34B00AFFAA1 /* CustomMenu.swift */,
			);
			path = CustomMenu;
			sourceTree = "<group>";
		};
		F348F27229A1042F00AFFAA1 /* Other */ = {
			isa = PBXGroup;
			children = (
				F36152852B0B522600A77C45 /* UIElements */,
				F30FB5D12B62D30D0083114E /* Extensions.swift */,
				F348F27329A1044000AFFAA1 /* HashableClass.swift */,
				F3F6ADB029D383F700D74D32 /* Vibration.swift */,
			);
			path = Other;
			sourceTree = "<group>";
		};
		F349AC092D2C236600262E60 /* Annotations */ = {
			isa = PBXGroup;
			children = (
				F3B43F3B2D36A60A0036B49B /* CustomAnnotation.swift */,
				F363BBBF2D2C248900E22E74 /* Transport */,
				F363BBBE2D2C248400E22E74 /* User */,
				F363BBBD2D2C246B00E22E74 /* Stop */,
			);
			path = Annotations;
			sourceTree = "<group>";
		};
		F35B5E662B04ED7600E82998 /* ShowTransportUnit */ = {
			isa = PBXGroup;
			children = (
				F3C78F142A422D4E0026A97E /* ShowTransportUnitView.swift */,
				F35B5E692B04EECB00E82998 /* ShowTransportUnitViewModel.swift */,
				F35B5E672B04EDF000E82998 /* ShowTransportUnitModel.swift */,
			);
			path = ShowTransportUnit;
			sourceTree = "<group>";
		};
		F35B5E6B2B04F23900E82998 /* ShowTransportRoute */ = {
			isa = PBXGroup;
			children = (
				F37E4AA92995530D00049934 /* ShowTransportRouteView.swift */,
				F35B5E6C2B04F2DE00E82998 /* ShowTransportRouteViewModel.swift */,
				F35B5E6E2B04F2E600E82998 /* ShowTransportRouteModel.swift */,
			);
			path = ShowTransportRoute;
			sourceTree = "<group>";
		};
		F35B5E702B04F4BA00E82998 /* ChooseTransportRoute */ = {
			isa = PBXGroup;
			children = (
				F3F608042930D2960009E684 /* ChooseTransportRouteView.swift */,
				F35B5E712B04F51B00E82998 /* ChooseTransportRouteViewModel.swift */,
				F35B5E732B04F52400E82998 /* ChooseTransportRouteModel.swift */,
			);
			path = ChooseTransportRoute;
			sourceTree = "<group>";
		};
		F35B5E752B04F6BF00E82998 /* ShowTransportStop */ = {
			isa = PBXGroup;
			children = (
				F3E581FE29FB0B490062DD66 /* ShowTransportStopView.swift */,
				F35B5E762B04F75200E82998 /* ShowTransportStopViewModel.swift */,
				F35B5E782B04F75A00E82998 /* ShowTransportStopModel.swift */,
			);
			path = ShowTransportStop;
			sourceTree = "<group>";
		};
		F36152852B0B522600A77C45 /* UIElements */ = {
			isa = PBXGroup;
			children = (
				F3D7DFF029942C2B0059B4C4 /* LabelTypeTransport.swift */,
				F36152862B0B525B00A77C45 /* LabelOfStopOrRoute.swift */,
				F361528F2B0B7B3000A77C45 /* TableOfRouteWithType.swift */,
				F337E4242B2CE60300D4C2AA /* LabelOfTransportUnit.swift */,
				F36152882B0B551700A77C45 /* LabelIzhevsk.swift */,
				F31E02B02B690D13003527AF /* SettingsButton.swift */,
				F35D204B2B752FFB00EDB831 /* DirectionsMenu.swift */,
				F31E02B22B69107F003527AF /* QuestionButton.swift */,
				F31E02B42B6911DE003527AF /* BackLabel.swift */,
				F3FA6E922B6C41A000270504 /* StopListRow.swift */,
			);
			path = UIElements;
			sourceTree = "<group>";
		};
		F361528A2B0B5D5400A77C45 /* FavoriteRoutesAndStations */ = {
			isa = PBXGroup;
			children = (
				F3993E5F29A6B4540087C1B7 /* FavoriteRoutesAndStopsView.swift */,
				F361528B2B0B5DAE00A77C45 /* FavoriteRoutesAndStopsViewModel.swift */,
				F361528D2B0B5DB500A77C45 /* FavoriteRoutesAndStationsModel.swift */,
			);
			path = FavoriteRoutesAndStations;
			sourceTree = "<group>";
		};
		F362C8D829AA456C0019B28C /* CustomScrollReader */ = {
			isa = PBXGroup;
			children = (
				F362C8D929AA45820019B28C /* CustomScrollReader.swift */,
			);
			path = CustomScrollReader;
			sourceTree = "<group>";
		};
		F363BBBD2D2C246B00E22E74 /* Stop */ = {
			isa = PBXGroup;
			children = (
				F3B511AC2C4EB9BB0001E342 /* StopAnnotationView.swift */,
				F3B511AE2C4EB9FA0001E342 /* StopAnnotation.swift */,
				F30375682BAD91D10076E57A /* MapStop.swift */,
			);
			path = Stop;
			sourceTree = "<group>";
		};
		F363BBBE2D2C248400E22E74 /* User */ = {
			isa = PBXGroup;
			children = (
				F3B511AA2C4EB9930001E342 /* UserLocationView.swift */,
				F37730032BCEA205002717B7 /* MapUserLocation.swift */,
			);
			path = User;
			sourceTree = "<group>";
		};
		F363BBBF2D2C248900E22E74 /* Transport */ = {
			isa = PBXGroup;
			children = (
				F3B511A82C4EB9550001E342 /* TransportAnnotationView.swift */,
				F3B511B02C4EBA2E0001E342 /* TransportAnnotation.swift */,
				F3876EC82B70016000B91025 /* MapItemSmall.swift */,
				F3B584C12B6D0DAA00DE50D6 /* MapItem.swift */,
			);
			path = Transport;
			sourceTree = "<group>";
		};
		F363BBC02D2C306E00E22E74 /* GetAccessView */ = {
			isa = PBXGroup;
			children = (
				F363BBC52D2C30B600E22E74 /* GetLocationAccessView.swift */,
				F363BBC72D2C30C100E22E74 /* GetNotificationsAccessView.swift */,
				F363BBCC2D2EB7B900E22E74 /* GetCameraAccessView.swift */,
			);
			path = GetAccessView;
			sourceTree = "<group>";
		};
		F363BBC92D2C366C00E22E74 /* FirstLaunchView */ = {
			isa = PBXGroup;
			children = (
				F363BBCA2D2C383000E22E74 /* FirstLaunchStackManager.swift */,
				F363BBC02D2C306E00E22E74 /* GetAccessView */,
				F33FB52F2C1A1CB10096466D /* WelcomeScreen.swift */,
			);
			path = FirstLaunchView;
			sourceTree = "<group>";
		};
		F363BBD32D2EFCD600E22E74 /* FireBase */ = {
			isa = PBXGroup;
			children = (
				F363BBD42D2EFCDF00E22E74 /* GoogleService-Info.plist */,
				F363BBCE2D2EF37C00E22E74 /* FireBaseService.swift */,
				F363BBD62D2F03D400E22E74 /* DeviceInfo.swift */,
			);
			path = FireBase;
			sourceTree = "<group>";
		};
		F3908C772B10EDAD0096BEFE /* SelectStop */ = {
			isa = PBXGroup;
			children = (
				F30BC48929A2C79000406D00 /* SelectStopView.swift */,
				F3908C782B10EDCC0096BEFE /* SelectStopViewModel.swift */,
			);
			path = SelectStop;
			sourceTree = "<group>";
		};
		F3993E5E29A6B2650087C1B7 /* FavoritesGroup */ = {
			isa = PBXGroup;
			children = (
				F39FB5052B66D83800C1C8F9 /* FavoritesGroupStackManager.swift */,
				F361528A2B0B5D5400A77C45 /* FavoriteRoutesAndStations */,
			);
			path = FavoritesGroup;
			sourceTree = "<group>";
		};
		F39FB5072B66E4C900C1C8F9 /* CustomNavigationStack */ = {
			isa = PBXGroup;
			children = (
				F30FB5D32B62D39C0083114E /* CustomNavigationStack.swift */,
			);
			path = CustomNavigationStack;
			sourceTree = "<group>";
		};
		F3B43F202D3450580036B49B /* Model */ = {
			isa = PBXGroup;
			children = (
				F3B43F392D3680640036B49B /* DynamicValue.swift */,
				F3B43F382D3453F70036B49B /* Response */,
				F3B43F372D3453EF0036B49B /* Request */,
			);
			path = Model;
			sourceTree = "<group>";
		};
		F3B43F372D3453EF0036B49B /* Request */ = {
			isa = PBXGroup;
			children = (
				F3B43F332D34533F0036B49B /* StopRequest.swift */,
				F3B43F2F2D3453350036B49B /* RouteRequest.swift */,
				F3B43F352D3453440036B49B /* TransportRequest.swift */,
				F3B43F312D34533A0036B49B /* EverythingRequest.swift */,
			);
			path = Request;
			sourceTree = "<group>";
		};
		F3B43F382D3453F70036B49B /* Response */ = {
			isa = PBXGroup;
			children = (
				F3B43F232D3452F40036B49B /* StopResponse.swift */,
				F3B43F2D2D34532E0036B49B /* UnitResponse.swift */,
				F3B43F2B2D3453260036B49B /* EmptyResponse.swift */,
				F3B43F292D34531D0036B49B /* RouteResponse.swift */,
				F3B43F272D3453140036B49B /* EverythingResponse.swift */,
			);
			path = Response;
			sourceTree = "<group>";
		};
		F3B75E772B1B42F500FD6524 /* FindNearestStops */ = {
			isa = PBXGroup;
			children = (
				F3B75E752B1B40FB00FD6524 /* FindNearestStopsView.swift */,
				F3B75E782B1B431200FD6524 /* FindNearestStopsViewModel.swift */,
				F3B75E7A2B1B431A00FD6524 /* FindNearestStopsModel.swift */,
			);
			path = FindNearestStops;
			sourceTree = "<group>";
		};
		F3BD09C929F66623002669BA /* CustomAlert */ = {
			isa = PBXGroup;
			children = (
				F3BD09CA29F6665E002669BA /* CustomAlert.swift */,
				F3BD09CE29F81966002669BA /* CustomAlertModifier.swift */,
				F3BD09D029F81994002669BA /* ViewExtension.swift */,
				F3BD09CC29F66687002669BA /* CustomAlertButton.swift */,
			);
			path = CustomAlert;
			sourceTree = "<group>";
		};
		F3C5CC4E2BAF07E6001E6251 /* NotifivationsView */ = {
			isa = PBXGroup;
			children = (
				F3451FB529ADD3B8008ECCF2 /* NotificationsExample */,
				F3451FB129ADC581008ECCF2 /* NotificationsView.swift */,
			);
			path = NotifivationsView;
			sourceTree = "<group>";
		};
		F3C5CC4F2BAF07FF001E6251 /* NearestStopGroup */ = {
			isa = PBXGroup;
			children = (
				F3C5CC502BAF082F001E6251 /* NearestStopGroupStackManager.swift */,
				F3B75E772B1B42F500FD6524 /* FindNearestStops */,
			);
			path = NearestStopGroup;
			sourceTree = "<group>";
		};
		F3D7DFF4299433400059B4C4 /* ShowTransportGroup */ = {
			isa = PBXGroup;
			children = (
				F3F60802292E26810009E684 /* TransportGroupStackManager.swift */,
				F3C5CC4E2BAF07E6001E6251 /* NotifivationsView */,
				F35B5E662B04ED7600E82998 /* ShowTransportUnit */,
				F35B5E6B2B04F23900E82998 /* ShowTransportRoute */,
				F35B5E702B04F4BA00E82998 /* ChooseTransportRoute */,
				F35B5E752B04F6BF00E82998 /* ShowTransportStop */,
				F3908C772B10EDAD0096BEFE /* SelectStop */,
				F3D7DFF529943AB50059B4C4 /* SelectRouteOrStopView.swift */,
				F3D7DFF22994324E0059B4C4 /* SelectTransportType.swift */,
				F32013C42B28510C00A8727A /* ScanQRCode */,
			);
			path = ShowTransportGroup;
			sourceTree = "<group>";
		};
		F3DB410429A35B0C005497F7 /* SettingsGroup */ = {
			isa = PBXGroup;
			children = (
				F3DB410729A36ED2005497F7 /* SettingsGroupStackManager.swift */,
				F3B26FEE29ED87CF00F981F8 /* ChooseIconView.swift */,
				F3DB410529A35B2D005497F7 /* SettingsView.swift */,
				F3DB410929A3710F005497F7 /* AboutAppView.swift */,
				F3795AA029A3E0A000FF05FD /* FeedBackView.swift */,
				F3795AA229A3F9EC00FF05FD /* QuestionsView.swift */,
				F3795AA429A4001F00FF05FD /* AnswersView.swift */,
			);
			path = SettingsGroup;
			sourceTree = "<group>";
		};
		F3F607E0292E242E0009E684 = {
			isa = PBXGroup;
			children = (
				F3F607EB292E242E0009E684 /* IgisApp */,
				F3F607EA292E242E0009E684 /* Products */,
			);
			sourceTree = "<group>";
		};
		F3F607EA292E242E0009E684 /* Products */ = {
			isa = PBXGroup;
			children = (
				F3F607E9292E242E0009E684 /* IgisApp.app */,
			);
			name = Products;
			sourceTree = "<group>";
		};
		F3F607EB292E242E0009E684 /* IgisApp */ = {
			isa = PBXGroup;
			children = (
				F3F607EC292E242E0009E684 /* IgisAppApp.swift */,
				F3B26FF929ED95CC00F981F8 /* Info.plist */,
				F302C2B929D371BD009020ED /* JSON */,
				F302C2B829D37157009020ED /* ViewGroup */,
				F31E23622B0AA5FF008BDFD7 /* AppTabBar */,
				F3F8AC3329A6238900F4B441 /* Service */,
				F348F27229A1042F00AFFAA1 /* Other */,
				F3F607F0292E242F0009E684 /* Assets.xcassets */,
				F3451FC029ADDEDF008ECCF2 /* CustomElements */,
				F3F607F2292E242F0009E684 /* Preview Content */,
				F33FB5312C1A241D0096466D /* Launch Screen.storyboard */,
			);
			path = IgisApp;
			sourceTree = "<group>";
		};
		F3F607F2292E242F0009E684 /* Preview Content */ = {
			isa = PBXGroup;
			children = (
				F3F607F3292E242F0009E684 /* Preview Assets.xcassets */,
			);
			path = "Preview Content";
			sourceTree = "<group>";
		};
		F3F607FF292E261E0009E684 /* CustomTabBar */ = {
			isa = PBXGroup;
			children = (
				F3F60800292E264D0009E684 /* CustomTabBar.swift */,
				F39F13432993D73A001E750B /* TabBarTabsPreferenceKey.swift */,
				F39F133F2993CEF4001E750B /* CustomTabBarContainerView.swift */,
			);
			path = CustomTabBar;
			sourceTree = "<group>";
		};
		F3F8AC3329A6238900F4B441 /* Service */ = {
			isa = PBXGroup;
			children = (
				F3F608062930D3B90009E684 /* GeneralViewModel.swift */,
				F363BBD32D2EFCD600E22E74 /* FireBase */,
				F311176B299A406100351326 /* DataBase.swift */,
				F3B75E7C2B1B473E00FD6524 /* LocationManager.swift */,
				F32F01FC29F55F7300F2B1A3 /* CheckConnection.swift */,
				F3432A5B2A265AB9007AD619 /* ServiceSocket.swift */,
				F3B43F202D3450580036B49B /* Model */,
			);
			path = Service;
			sourceTree = "<group>";
		};
/* End PBXGroup section */

/* Begin PBXNativeTarget section */
		F3F607E8292E242E0009E684 /* IgisApp */ = {
			isa = PBXNativeTarget;
			buildConfigurationList = F3F607FC292E242F0009E684 /* Build configuration list for PBXNativeTarget "IgisApp" */;
			buildPhases = (
				F3F607E5292E242E0009E684 /* Sources */,
				F3F607E6292E242E0009E684 /* Frameworks */,
				F3F607E7292E242E0009E684 /* Resources */,
			);
			buildRules = (
			);
			dependencies = (
			);
			name = IgisApp;
			packageProductDependencies = (
				F3EAE5822A043DCB009391FA /* SocketIO */,
				F3EAE5852A043DE2009391FA /* MessagePacker */,
				F363BBD12D2EFB8000E22E74 /* FirebaseAnalytics */,
			);
			productName = IgisApp;
			productReference = F3F607E9292E242E0009E684 /* IgisApp.app */;
			productType = "com.apple.product-type.application";
		};
/* End PBXNativeTarget section */

/* Begin PBXProject section */
		F3F607E1292E242E0009E684 /* Project object */ = {
			isa = PBXProject;
			attributes = {
				BuildIndependentTargetsInParallel = 1;
				LastSwiftUpdateCheck = 1410;
				LastUpgradeCheck = 1410;
				TargetAttributes = {
					F3F607E8292E242E0009E684 = {
						CreatedOnToolsVersion = 14.1;
					};
				};
			};
			buildConfigurationList = F3F607E4292E242E0009E684 /* Build configuration list for PBXProject "IgisApp" */;
			compatibilityVersion = "Xcode 14.0";
			developmentRegion = en;
			hasScannedForEncodings = 0;
			knownRegions = (
				en,
				Base,
			);
			mainGroup = F3F607E0292E242E0009E684;
			packageReferences = (
				F3EAE5812A043DCB009391FA /* XCRemoteSwiftPackageReference "socket" */,
				F3EAE5842A043DE2009391FA /* XCRemoteSwiftPackageReference "MessagePacker" */,
				F363BBD02D2EFB8000E22E74 /* XCRemoteSwiftPackageReference "firebase-ios-sdk" */,
			);
			productRefGroup = F3F607EA292E242E0009E684 /* Products */;
			projectDirPath = "";
			projectRoot = "";
			targets = (
				F3F607E8292E242E0009E684 /* IgisApp */,
			);
		};
/* End PBXProject section */

/* Begin PBXResourcesBuildPhase section */
		F3F607E7292E242E0009E684 /* Resources */ = {
			isa = PBXResourcesBuildPhase;
			buildActionMask = 2147483647;
			files = (
				F335263F29E029EA001A1017 /* city.json in Resources */,
				F335263929E029EA001A1017 /* route.json in Resources */,
				F3F607F4292E242F0009E684 /* Preview Assets.xcassets in Resources */,
				F33FB5322C1A241D0096466D /* Launch Screen.storyboard in Resources */,
				F335263B29E029EA001A1017 /* carrier.json in Resources */,
				F335263E29E029EA001A1017 /* stop_alt.json in Resources */,
				F335263D29E029EA001A1017 /* carrier_branch.json in Resources */,
				F335263A29E029EA001A1017 /* city_route.json in Resources */,
				F335264329E029EA001A1017 /* ts.json in Resources */,
				F363BBD52D2EFCDF00E22E74 /* GoogleService-Info.plist in Resources */,
				F335264229E029EA001A1017 /* stop.json in Resources */,
				F335264129E029EA001A1017 /* ts_model.json in Resources */,
				F335264429E029EA001A1017 /* subroute.json in Resources */,
				F335263C29E029EA001A1017 /* stage.json in Resources */,
				F335264029E029EA001A1017 /* stop_nearest.json in Resources */,
				F3F607F1292E242F0009E684 /* Assets.xcassets in Resources */,
			);
			runOnlyForDeploymentPostprocessing = 0;
		};
/* End PBXResourcesBuildPhase section */

/* Begin PBXSourcesBuildPhase section */
		F3F607E5292E242E0009E684 /* Sources */ = {
			isa = PBXSourcesBuildPhase;
			buildActionMask = 2147483647;
			files = (
				F3B43F362D3453440036B49B /* TransportRequest.swift in Sources */,
				F362C8DA29AA45820019B28C /* CustomScrollReader.swift in Sources */,
				F3F67DD82A27D0E600165BB2 /* MapModel.swift in Sources */,
				F3B75E762B1B40FB00FD6524 /* FindNearestStopsView.swift in Sources */,
				F3B511A92C4EB9550001E342 /* TransportAnnotationView.swift in Sources */,
				F31E23662B0AA650008BDFD7 /* AppTabBarModel.swift in Sources */,
				F35B5E6D2B04F2DE00E82998 /* ShowTransportRouteViewModel.swift in Sources */,
				F363BBCB2D2C384000E22E74 /* FirstLaunchStackManager.swift in Sources */,
				F363BBD72D2F03D400E22E74 /* DeviceInfo.swift in Sources */,
				F363BBC82D2C30C100E22E74 /* GetNotificationsAccessView.swift in Sources */,
				F37730042BCEA205002717B7 /* MapUserLocation.swift in Sources */,
				F3B75E7B2B1B431A00FD6524 /* FindNearestStopsModel.swift in Sources */,
				F31E02B52B6911DE003527AF /* BackLabel.swift in Sources */,
				F3AD9A3E2BA58416002798F6 /* MapGroupStackManager.swift in Sources */,
				F32013C72B28513400A8727A /* ScannerView.swift in Sources */,
				F3908C792B10EDCC0096BEFE /* SelectStopViewModel.swift in Sources */,
				F35B5E772B04F75200E82998 /* ShowTransportStopViewModel.swift in Sources */,
				F35AA80B2C6E529A003E73E9 /* CustomSearchBar.swift in Sources */,
				F3BD09CF29F81966002669BA /* CustomAlertModifier.swift in Sources */,
				F3B43F2E2D34532E0036B49B /* UnitResponse.swift in Sources */,
				F35B5E682B04EDF000E82998 /* ShowTransportUnitModel.swift in Sources */,
				F3C78F152A422D4E0026A97E /* ShowTransportUnitView.swift in Sources */,
				F361528C2B0B5DAE00A77C45 /* FavoriteRoutesAndStopsViewModel.swift in Sources */,
				F32013C92B28555700A8727A /* CameraView.swift in Sources */,
				F3B511AF2C4EB9FA0001E342 /* StopAnnotation.swift in Sources */,
				F3B43F3A2D3680640036B49B /* DynamicValue.swift in Sources */,
				F39F13442993D73A001E750B /* TabBarTabsPreferenceKey.swift in Sources */,
				F3F608072930D3B90009E684 /* GeneralViewModel.swift in Sources */,
				F3BD09CB29F6665E002669BA /* CustomAlert.swift in Sources */,
				F32013CD2B285B2B00A8727A /* QRScannerDelegate.swift in Sources */,
				F33FB5302C1A1CB10096466D /* WelcomeScreen.swift in Sources */,
				F35B5E742B04F52400E82998 /* ChooseTransportRouteModel.swift in Sources */,
				F3E581FF29FB0B490062DD66 /* ShowTransportStopView.swift in Sources */,
				F32F01FD29F55F7300F2B1A3 /* CheckConnection.swift in Sources */,
				F35B5E6F2B04F2E600E82998 /* ShowTransportRouteModel.swift in Sources */,
				F3F6ADB129D383F700D74D32 /* Vibration.swift in Sources */,
				F3432A5C2A265AB9007AD619 /* ServiceSocket.swift in Sources */,
				F3BD09CD29F66687002669BA /* CustomAlertButton.swift in Sources */,
				F39F13422993D69A001E750B /* AppTabBarView.swift in Sources */,
				F3FA6E932B6C41A000270504 /* StopListRow.swift in Sources */,
				F3DB410629A35B2D005497F7 /* SettingsView.swift in Sources */,
				F3795AA329A3F9EC00FF05FD /* QuestionsView.swift in Sources */,
				F35B5E792B04F75A00E82998 /* ShowTransportStopModel.swift in Sources */,
				F3BD09D129F81994002669BA /* ViewExtension.swift in Sources */,
				F3B26FEF29ED87CF00F981F8 /* ChooseIconView.swift in Sources */,
				F39FB5062B66D83800C1C8F9 /* FavoritesGroupStackManager.swift in Sources */,
				F363BBC62D2C30B600E22E74 /* GetLocationAccessView.swift in Sources */,
				F3C5CC512BAF082F001E6251 /* NearestStopGroupStackManager.swift in Sources */,
				F3B43F242D3452F90036B49B /* StopResponse.swift in Sources */,
				F31E23642B0AA63E008BDFD7 /* AppTabBarViewModel.swift in Sources */,
				F35ED9152BA4BD3200F26326 /* DropDownAlert.swift in Sources */,
				F348F27129A0E34B00AFFAA1 /* CustomMenu.swift in Sources */,
				F3795AA129A3E0A000FF05FD /* FeedBackView.swift in Sources */,
				F3DB410829A36ED2005497F7 /* SettingsGroupStackManager.swift in Sources */,
				F3451FB929ADD427008ECCF2 /* MessageView.swift in Sources */,
				F36152902B0B7B3000A77C45 /* TableOfRouteWithType.swift in Sources */,
				F3D7DFF129942C2B0059B4C4 /* LabelTypeTransport.swift in Sources */,
				F3B43F302D3453350036B49B /* RouteRequest.swift in Sources */,
				F35D204C2B752FFB00EDB831 /* DirectionsMenu.swift in Sources */,
				F3D7DFF629943AB50059B4C4 /* SelectRouteOrStopView.swift in Sources */,
				F3F60801292E264D0009E684 /* CustomTabBar.swift in Sources */,
				F32013CB2B2857F800A8727A /* Permission.swift in Sources */,
				F3B584C22B6D0DAA00DE50D6 /* MapItem.swift in Sources */,
				F3B43F282D3453140036B49B /* EverythingResponse.swift in Sources */,
				F31E02B32B69107F003527AF /* QuestionButton.swift in Sources */,
				F30375692BAD91D10076E57A /* MapStop.swift in Sources */,
				F3B511B12C4EBA2E0001E342 /* TransportAnnotation.swift in Sources */,
				F363BBCD2D2EB7B900E22E74 /* GetCameraAccessView.swift in Sources */,
				F3B511AD2C4EB9BB0001E342 /* StopAnnotationView.swift in Sources */,
				F37E4AAA2995530D00049934 /* ShowTransportRouteView.swift in Sources */,
				F39F13402993CEF4001E750B /* CustomTabBarContainerView.swift in Sources */,
				F33E21DF2A2216B000465C2E /* ChooseTimeAlert.swift in Sources */,
				F31E02B12B690D13003527AF /* SettingsButton.swift in Sources */,
				F35B5E722B04F51B00E82998 /* ChooseTransportRouteViewModel.swift in Sources */,
				F30FB5D42B62D39C0083114E /* CustomNavigationStack.swift in Sources */,
				F35B5E6A2B04EECB00E82998 /* ShowTransportUnitViewModel.swift in Sources */,
				F361528E2B0B5DB500A77C45 /* FavoriteRoutesAndStationsModel.swift in Sources */,
				F3B43F342D34533F0036B49B /* StopRequest.swift in Sources */,
				F3474EC42B77782C0074A9D1 /* CustomMap.swift in Sources */,
				F3451FB229ADC581008ECCF2 /* NotificationsView.swift in Sources */,
				F3F608052930D2960009E684 /* ChooseTransportRouteView.swift in Sources */,
				F337E4252B2CE60300D4C2AA /* LabelOfTransportUnit.swift in Sources */,
				F3B511AB2C4EB9930001E342 /* UserLocationView.swift in Sources */,
				F36152872B0B525B00A77C45 /* LabelOfStopOrRoute.swift in Sources */,
				F3B43F3C2D36A6120036B49B /* CustomAnnotation.swift in Sources */,
				F311176C299A406100351326 /* DataBase.swift in Sources */,
				F3B43F2A2D34531D0036B49B /* RouteResponse.swift in Sources */,
				F3B75E7D2B1B473E00FD6524 /* LocationManager.swift in Sources */,
				F363BBCF2D2EF37C00E22E74 /* FireBaseService.swift in Sources */,
				F3B75E792B1B431200FD6524 /* FindNearestStopsViewModel.swift in Sources */,
				F36152892B0B551700A77C45 /* LabelIzhevsk.swift in Sources */,
				F30BC48A29A2C79000406D00 /* SelectStopView.swift in Sources */,
				F3451FC329ADDF5B008ECCF2 /* MapView.swift in Sources */,
				F3451FBD29ADD4CD008ECCF2 /* ChatModel.swift in Sources */,
				F3B43F2C2D3453260036B49B /* EmptyResponse.swift in Sources */,
				F3876EC92B70016100B91025 /* MapItemSmall.swift in Sources */,
				F3795AA529A4001F00FF05FD /* AnswersView.swift in Sources */,
				F348F27429A1044000AFFAA1 /* HashableClass.swift in Sources */,
				F3B43F322D34533A0036B49B /* EverythingRequest.swift in Sources */,
				F3DB410A29A3710F005497F7 /* AboutAppView.swift in Sources */,
				F3993E6029A6B4540087C1B7 /* FavoriteRoutesAndStopsView.swift in Sources */,
				F3F67DD62A27D0DE00165BB2 /* MapViewModel.swift in Sources */,
				F30FB5D22B62D30D0083114E /* Extensions.swift in Sources */,
				F3F60803292E26810009E684 /* TransportGroupStackManager.swift in Sources */,
				F3451FBF29ADD53C008ECCF2 /* ChatView.swift in Sources */,
				F3F607ED292E242E0009E684 /* IgisAppApp.swift in Sources */,
				F3D7DFF32994324E0059B4C4 /* SelectTransportType.swift in Sources */,
			);
			runOnlyForDeploymentPostprocessing = 0;
		};
/* End PBXSourcesBuildPhase section */

/* Begin XCBuildConfiguration section */
		F3F607FA292E242F0009E684 /* Debug */ = {
			isa = XCBuildConfiguration;
			buildSettings = {
				ALWAYS_SEARCH_USER_PATHS = NO;
				CLANG_ANALYZER_NONNULL = YES;
				CLANG_ANALYZER_NUMBER_OBJECT_CONVERSION = YES_AGGRESSIVE;
				CLANG_CXX_LANGUAGE_STANDARD = "gnu++20";
				CLANG_ENABLE_MODULES = YES;
				CLANG_ENABLE_OBJC_ARC = YES;
				CLANG_ENABLE_OBJC_WEAK = YES;
				CLANG_WARN_BLOCK_CAPTURE_AUTORELEASING = YES;
				CLANG_WARN_BOOL_CONVERSION = YES;
				CLANG_WARN_COMMA = YES;
				CLANG_WARN_CONSTANT_CONVERSION = YES;
				CLANG_WARN_DEPRECATED_OBJC_IMPLEMENTATIONS = YES;
				CLANG_WARN_DIRECT_OBJC_ISA_USAGE = YES_ERROR;
				CLANG_WARN_DOCUMENTATION_COMMENTS = YES;
				CLANG_WARN_EMPTY_BODY = YES;
				CLANG_WARN_ENUM_CONVERSION = YES;
				CLANG_WARN_INFINITE_RECURSION = YES;
				CLANG_WARN_INT_CONVERSION = YES;
				CLANG_WARN_NON_LITERAL_NULL_CONVERSION = YES;
				CLANG_WARN_OBJC_IMPLICIT_RETAIN_SELF = YES;
				CLANG_WARN_OBJC_LITERAL_CONVERSION = YES;
				CLANG_WARN_OBJC_ROOT_CLASS = YES_ERROR;
				CLANG_WARN_QUOTED_INCLUDE_IN_FRAMEWORK_HEADER = YES;
				CLANG_WARN_RANGE_LOOP_ANALYSIS = YES;
				CLANG_WARN_STRICT_PROTOTYPES = YES;
				CLANG_WARN_SUSPICIOUS_MOVE = YES;
				CLANG_WARN_UNGUARDED_AVAILABILITY = YES_AGGRESSIVE;
				CLANG_WARN_UNREACHABLE_CODE = YES;
				CLANG_WARN__DUPLICATE_METHOD_MATCH = YES;
				COPY_PHASE_STRIP = NO;
				DEBUG_INFORMATION_FORMAT = dwarf;
				ENABLE_STRICT_OBJC_MSGSEND = YES;
				ENABLE_TESTABILITY = YES;
				GCC_C_LANGUAGE_STANDARD = gnu11;
				GCC_DYNAMIC_NO_PIC = NO;
				GCC_NO_COMMON_BLOCKS = YES;
				GCC_OPTIMIZATION_LEVEL = 0;
				GCC_PREPROCESSOR_DEFINITIONS = (
					"DEBUG=1",
					"$(inherited)",
				);
				GCC_WARN_64_TO_32_BIT_CONVERSION = YES;
				GCC_WARN_ABOUT_RETURN_TYPE = YES_ERROR;
				GCC_WARN_UNDECLARED_SELECTOR = YES;
				GCC_WARN_UNINITIALIZED_AUTOS = YES_AGGRESSIVE;
				GCC_WARN_UNUSED_FUNCTION = YES;
				GCC_WARN_UNUSED_VARIABLE = YES;
				IPHONEOS_DEPLOYMENT_TARGET = 16.0;
				MTL_ENABLE_DEBUG_INFO = INCLUDE_SOURCE;
				MTL_FAST_MATH = YES;
				ONLY_ACTIVE_ARCH = YES;
				SDKROOT = iphoneos;
				SWIFT_ACTIVE_COMPILATION_CONDITIONS = DEBUG;
				SWIFT_OPTIMIZATION_LEVEL = "-Onone";
			};
			name = Debug;
		};
		F3F607FB292E242F0009E684 /* Release */ = {
			isa = XCBuildConfiguration;
			buildSettings = {
				ALWAYS_SEARCH_USER_PATHS = NO;
				CLANG_ANALYZER_NONNULL = YES;
				CLANG_ANALYZER_NUMBER_OBJECT_CONVERSION = YES_AGGRESSIVE;
				CLANG_CXX_LANGUAGE_STANDARD = "gnu++20";
				CLANG_ENABLE_MODULES = YES;
				CLANG_ENABLE_OBJC_ARC = YES;
				CLANG_ENABLE_OBJC_WEAK = YES;
				CLANG_WARN_BLOCK_CAPTURE_AUTORELEASING = YES;
				CLANG_WARN_BOOL_CONVERSION = YES;
				CLANG_WARN_COMMA = YES;
				CLANG_WARN_CONSTANT_CONVERSION = YES;
				CLANG_WARN_DEPRECATED_OBJC_IMPLEMENTATIONS = YES;
				CLANG_WARN_DIRECT_OBJC_ISA_USAGE = YES_ERROR;
				CLANG_WARN_DOCUMENTATION_COMMENTS = YES;
				CLANG_WARN_EMPTY_BODY = YES;
				CLANG_WARN_ENUM_CONVERSION = YES;
				CLANG_WARN_INFINITE_RECURSION = YES;
				CLANG_WARN_INT_CONVERSION = YES;
				CLANG_WARN_NON_LITERAL_NULL_CONVERSION = YES;
				CLANG_WARN_OBJC_IMPLICIT_RETAIN_SELF = YES;
				CLANG_WARN_OBJC_LITERAL_CONVERSION = YES;
				CLANG_WARN_OBJC_ROOT_CLASS = YES_ERROR;
				CLANG_WARN_QUOTED_INCLUDE_IN_FRAMEWORK_HEADER = YES;
				CLANG_WARN_RANGE_LOOP_ANALYSIS = YES;
				CLANG_WARN_STRICT_PROTOTYPES = YES;
				CLANG_WARN_SUSPICIOUS_MOVE = YES;
				CLANG_WARN_UNGUARDED_AVAILABILITY = YES_AGGRESSIVE;
				CLANG_WARN_UNREACHABLE_CODE = YES;
				CLANG_WARN__DUPLICATE_METHOD_MATCH = YES;
				COPY_PHASE_STRIP = NO;
				DEBUG_INFORMATION_FORMAT = "dwarf-with-dsym";
				ENABLE_NS_ASSERTIONS = NO;
				ENABLE_STRICT_OBJC_MSGSEND = YES;
				GCC_C_LANGUAGE_STANDARD = gnu11;
				GCC_NO_COMMON_BLOCKS = YES;
				GCC_WARN_64_TO_32_BIT_CONVERSION = YES;
				GCC_WARN_ABOUT_RETURN_TYPE = YES_ERROR;
				GCC_WARN_UNDECLARED_SELECTOR = YES;
				GCC_WARN_UNINITIALIZED_AUTOS = YES_AGGRESSIVE;
				GCC_WARN_UNUSED_FUNCTION = YES;
				GCC_WARN_UNUSED_VARIABLE = YES;
				IPHONEOS_DEPLOYMENT_TARGET = 16.0;
				MTL_ENABLE_DEBUG_INFO = NO;
				MTL_FAST_MATH = YES;
				SDKROOT = iphoneos;
				SWIFT_COMPILATION_MODE = wholemodule;
				SWIFT_OPTIMIZATION_LEVEL = "-O";
				VALIDATE_PRODUCT = YES;
			};
			name = Release;
		};
		F3F607FD292E242F0009E684 /* Debug */ = {
			isa = XCBuildConfiguration;
			buildSettings = {
				ASSETCATALOG_COMPILER_APPICON_NAME = AppIcon;
				ASSETCATALOG_COMPILER_GLOBAL_ACCENT_COLOR_NAME = AccentColor;
				ASSETCATALOG_COMPILER_INCLUDE_ALL_APPICON_ASSETS = YES;
				CODE_SIGN_IDENTITY = "Apple Development";
				"CODE_SIGN_IDENTITY[sdk=iphoneos*]" = "iPhone Distribution";
				CODE_SIGN_STYLE = Manual;
				CURRENT_PROJECT_VERSION = 1.0;
				DEVELOPMENT_ASSET_PATHS = "\"IgisApp/Preview Content\"";
				DEVELOPMENT_TEAM = "";
				"DEVELOPMENT_TEAM[sdk=iphoneos*]" = 8TDEH7PNB4;
				ENABLE_PREVIEWS = YES;
				GENERATE_INFOPLIST_FILE = YES;
				INFOPLIST_FILE = IgisApp/Info.plist;
				INFOPLIST_KEY_CFBundleDisplayName = "IGIS: Транспорт Ижевска";
				INFOPLIST_KEY_LSApplicationCategoryType = "public.app-category.navigation";
				INFOPLIST_KEY_NSCameraUsageDescription = "Для сканирования QR кода";
				INFOPLIST_KEY_NSLocationAlwaysAndWhenInUseUsageDescription = "Для отображения позиции пользователя на карте";
				INFOPLIST_KEY_NSLocationAlwaysUsageDescription = "Для отображения позиции пользователя на карте";
				INFOPLIST_KEY_NSLocationWhenInUseUsageDescription = "Для отображения позиции пользователя на карте";
				INFOPLIST_KEY_UIApplicationSceneManifest_Generation = YES;
				INFOPLIST_KEY_UIApplicationSupportsIndirectInputEvents = YES;
				INFOPLIST_KEY_UILaunchScreen_Generation = YES;
				INFOPLIST_KEY_UILaunchStoryboardName = "Launch Screen.storyboard";
				INFOPLIST_KEY_UIRequiresFullScreen = NO;
				INFOPLIST_KEY_UIStatusBarStyle = "";
				INFOPLIST_KEY_UISupportedInterfaceOrientations = UIInterfaceOrientationPortrait;
				INFOPLIST_KEY_UISupportedInterfaceOrientations_iPad = "UIInterfaceOrientationLandscapeLeft UIInterfaceOrientationLandscapeRight UIInterfaceOrientationPortrait UIInterfaceOrientationPortraitUpsideDown";
				IPHONEOS_DEPLOYMENT_TARGET = 16.0;
				LD_RUNPATH_SEARCH_PATHS = (
					"$(inherited)",
					"@executable_path/Frameworks",
				);
				MARKETING_VERSION = 1.4;
				PRODUCT_BUNDLE_IDENTIFIER = "igis-gortrans";
				PRODUCT_NAME = "$(TARGET_NAME)";
				PROVISIONING_PROFILE_SPECIFIER = "";
				"PROVISIONING_PROFILE_SPECIFIER[sdk=iphoneos*]" = FileProvision;
				SUPPORTED_PLATFORMS = "iphoneos iphonesimulator";
				SUPPORTS_MACCATALYST = NO;
				SUPPORTS_MAC_DESIGNED_FOR_IPHONE_IPAD = YES;
				SWIFT_EMIT_LOC_STRINGS = YES;
				SWIFT_VERSION = 5.0;
				TARGETED_DEVICE_FAMILY = "1,2";
			};
			name = Debug;
		};
		F3F607FE292E242F0009E684 /* Release */ = {
			isa = XCBuildConfiguration;
			buildSettings = {
				ASSETCATALOG_COMPILER_APPICON_NAME = AppIcon;
				ASSETCATALOG_COMPILER_GLOBAL_ACCENT_COLOR_NAME = AccentColor;
				ASSETCATALOG_COMPILER_INCLUDE_ALL_APPICON_ASSETS = YES;
				CODE_SIGN_IDENTITY = "Apple Development";
				"CODE_SIGN_IDENTITY[sdk=iphoneos*]" = "iPhone Distribution";
				CODE_SIGN_STYLE = Manual;
				CURRENT_PROJECT_VERSION = 1.0;
				DEVELOPMENT_ASSET_PATHS = "\"IgisApp/Preview Content\"";
				DEVELOPMENT_TEAM = "";
				"DEVELOPMENT_TEAM[sdk=iphoneos*]" = 8TDEH7PNB4;
				ENABLE_PREVIEWS = YES;
				GENERATE_INFOPLIST_FILE = YES;
				INFOPLIST_FILE = IgisApp/Info.plist;
				INFOPLIST_KEY_CFBundleDisplayName = "IGIS: Транспорт Ижевска";
				INFOPLIST_KEY_LSApplicationCategoryType = "public.app-category.navigation";
				INFOPLIST_KEY_NSCameraUsageDescription = "Для сканирования QR кода";
				INFOPLIST_KEY_NSLocationAlwaysAndWhenInUseUsageDescription = "Для отображения позиции пользователя на карте";
				INFOPLIST_KEY_NSLocationAlwaysUsageDescription = "Для отображения позиции пользователя на карте";
				INFOPLIST_KEY_NSLocationWhenInUseUsageDescription = "Для отображения позиции пользователя на карте";
				INFOPLIST_KEY_UIApplicationSceneManifest_Generation = YES;
				INFOPLIST_KEY_UIApplicationSupportsIndirectInputEvents = YES;
				INFOPLIST_KEY_UILaunchScreen_Generation = YES;
				INFOPLIST_KEY_UILaunchStoryboardName = "Launch Screen.storyboard";
				INFOPLIST_KEY_UIRequiresFullScreen = NO;
				INFOPLIST_KEY_UIStatusBarStyle = "";
				INFOPLIST_KEY_UISupportedInterfaceOrientations = UIInterfaceOrientationPortrait;
				INFOPLIST_KEY_UISupportedInterfaceOrientations_iPad = "UIInterfaceOrientationLandscapeLeft UIInterfaceOrientationLandscapeRight UIInterfaceOrientationPortrait UIInterfaceOrientationPortraitUpsideDown";
				IPHONEOS_DEPLOYMENT_TARGET = 16.0;
				LD_RUNPATH_SEARCH_PATHS = (
					"$(inherited)",
					"@executable_path/Frameworks",
				);
				MARKETING_VERSION = 1.4;
				PRODUCT_BUNDLE_IDENTIFIER = "igis-gortrans";
				PRODUCT_NAME = "$(TARGET_NAME)";
				PROVISIONING_PROFILE_SPECIFIER = "";
				"PROVISIONING_PROFILE_SPECIFIER[sdk=iphoneos*]" = FileProvision;
				SUPPORTED_PLATFORMS = "iphoneos iphonesimulator";
				SUPPORTS_MACCATALYST = NO;
				SUPPORTS_MAC_DESIGNED_FOR_IPHONE_IPAD = YES;
				SWIFT_EMIT_LOC_STRINGS = YES;
				SWIFT_VERSION = 5.0;
				TARGETED_DEVICE_FAMILY = "1,2";
			};
			name = Release;
		};
/* End XCBuildConfiguration section */

/* Begin XCConfigurationList section */
		F3F607E4292E242E0009E684 /* Build configuration list for PBXProject "IgisApp" */ = {
			isa = XCConfigurationList;
			buildConfigurations = (
				F3F607FA292E242F0009E684 /* Debug */,
				F3F607FB292E242F0009E684 /* Release */,
			);
			defaultConfigurationIsVisible = 0;
			defaultConfigurationName = Release;
		};
		F3F607FC292E242F0009E684 /* Build configuration list for PBXNativeTarget "IgisApp" */ = {
			isa = XCConfigurationList;
			buildConfigurations = (
				F3F607FD292E242F0009E684 /* Debug */,
				F3F607FE292E242F0009E684 /* Release */,
			);
			defaultConfigurationIsVisible = 0;
			defaultConfigurationName = Release;
		};
/* End XCConfigurationList section */

/* Begin XCRemoteSwiftPackageReference section */
		F363BBD02D2EFB8000E22E74 /* XCRemoteSwiftPackageReference "firebase-ios-sdk" */ = {
			isa = XCRemoteSwiftPackageReference;
			repositoryURL = "https://github.com/firebase/firebase-ios-sdk";
			requirement = {
				kind = upToNextMajorVersion;
				minimumVersion = 11.6.0;
			};
		};
		F3EAE5812A043DCB009391FA /* XCRemoteSwiftPackageReference "socket" */ = {
			isa = XCRemoteSwiftPackageReference;
			repositoryURL = "https://github.com/socketio/socket.io-client-swift";
			requirement = {
				branch = master;
				kind = branch;
			};
		};
		F3EAE5842A043DE2009391FA /* XCRemoteSwiftPackageReference "MessagePacker" */ = {
			isa = XCRemoteSwiftPackageReference;
			repositoryURL = "https://github.com/hirotakan/MessagePacker.git";
			requirement = {
				kind = upToNextMajorVersion;
				minimumVersion = 0.4.7;
			};
		};
/* End XCRemoteSwiftPackageReference section */

/* Begin XCSwiftPackageProductDependency section */
		F363BBD12D2EFB8000E22E74 /* FirebaseAnalytics */ = {
			isa = XCSwiftPackageProductDependency;
			package = F363BBD02D2EFB8000E22E74 /* XCRemoteSwiftPackageReference "firebase-ios-sdk" */;
			productName = FirebaseAnalytics;
		};
		F3EAE5822A043DCB009391FA /* SocketIO */ = {
			isa = XCSwiftPackageProductDependency;
			package = F3EAE5812A043DCB009391FA /* XCRemoteSwiftPackageReference "socket" */;
			productName = SocketIO;
		};
		F3EAE5852A043DE2009391FA /* MessagePacker */ = {
			isa = XCSwiftPackageProductDependency;
			package = F3EAE5842A043DE2009391FA /* XCRemoteSwiftPackageReference "MessagePacker" */;
			productName = MessagePacker;
		};
/* End XCSwiftPackageProductDependency section */
	};
	rootObject = F3F607E1292E242E0009E684 /* Project object */;
}
